// !$*UTF8*$!
{
	archiveVersion = 1;
	classes = {
	};
	objectVersion = 46;
	objects = {

/* Begin PBXBuildFile section */
		BE62D5D41DF8DAFD004510A5 /* JHKit.framework in Frameworks */ = {isa = PBXBuildFile; fileRef = BE62D5CA1DF8DAFD004510A5 /* JHKit.framework */; };
		BE62D5D91DF8DAFD004510A5 /* JHKitTests.m in Sources */ = {isa = PBXBuildFile; fileRef = BE62D5D81DF8DAFD004510A5 /* JHKitTests.m */; };
		BE62D5DB1DF8DAFD004510A5 /* JHKit.h in Headers */ = {isa = PBXBuildFile; fileRef = BE62D5CD1DF8DAFD004510A5 /* JHKit.h */; settings = {ATTRIBUTES = (Public, ); }; };
		BE62D6481DF8DD78004510A5 /* JHKit-Prefix.pch in Headers */ = {isa = PBXBuildFile; fileRef = BE62D5E41DF8DD78004510A5 /* JHKit-Prefix.pch */; };
		BE62D6491DF8DD78004510A5 /* JHNavigationController.h in Headers */ = {isa = PBXBuildFile; fileRef = BE62D5E71DF8DD78004510A5 /* JHNavigationController.h */; };
		BE62D64A1DF8DD78004510A5 /* JHNavigationController.m in Sources */ = {isa = PBXBuildFile; fileRef = BE62D5E81DF8DD78004510A5 /* JHNavigationController.m */; };
		BE62D64B1DF8DD78004510A5 /* JHObject.h in Headers */ = {isa = PBXBuildFile; fileRef = BE62D5E91DF8DD78004510A5 /* JHObject.h */; };
		BE62D64C1DF8DD78004510A5 /* JHObject.m in Sources */ = {isa = PBXBuildFile; fileRef = BE62D5EA1DF8DD78004510A5 /* JHObject.m */; };
		BE62D64D1DF8DD78004510A5 /* JHRequest.h in Headers */ = {isa = PBXBuildFile; fileRef = BE62D5EB1DF8DD78004510A5 /* JHRequest.h */; };
		BE62D64E1DF8DD78004510A5 /* JHRequest.m in Sources */ = {isa = PBXBuildFile; fileRef = BE62D5EC1DF8DD78004510A5 /* JHRequest.m */; };
		BE62D64F1DF8DD78004510A5 /* JHResponse.h in Headers */ = {isa = PBXBuildFile; fileRef = BE62D5ED1DF8DD78004510A5 /* JHResponse.h */; };
		BE62D6501DF8DD78004510A5 /* JHResponse.m in Sources */ = {isa = PBXBuildFile; fileRef = BE62D5EE1DF8DD78004510A5 /* JHResponse.m */; };
		BE62D6511DF8DD78004510A5 /* JHViewController.h in Headers */ = {isa = PBXBuildFile; fileRef = BE62D5EF1DF8DD78004510A5 /* JHViewController.h */; };
		BE62D6521DF8DD78004510A5 /* JHViewController.m in Sources */ = {isa = PBXBuildFile; fileRef = BE62D5F01DF8DD78004510A5 /* JHViewController.m */; };
		BE62D6531DF8DD78004510A5 /* JHBases.h in Headers */ = {isa = PBXBuildFile; fileRef = BE62D5F11DF8DD78004510A5 /* JHBases.h */; };
		BE62D6541DF8DD78004510A5 /* JHWidgets.h in Headers */ = {isa = PBXBuildFile; fileRef = BE62D5F21DF8DD78004510A5 /* JHWidgets.h */; };
		BE62D6551DF8DD78004510A5 /* JHAddressBookReader.h in Headers */ = {isa = PBXBuildFile; fileRef = BE62D5F41DF8DD78004510A5 /* JHAddressBookReader.h */; };
		BE62D6561DF8DD78004510A5 /* JHAddressBookReader.m in Sources */ = {isa = PBXBuildFile; fileRef = BE62D5F51DF8DD78004510A5 /* JHAddressBookReader.m */; };
		BE62D6571DF8DD78004510A5 /* JHContact.h in Headers */ = {isa = PBXBuildFile; fileRef = BE62D5F61DF8DD78004510A5 /* JHContact.h */; };
		BE62D6581DF8DD78004510A5 /* JHContact.m in Sources */ = {isa = PBXBuildFile; fileRef = BE62D5F71DF8DD78004510A5 /* JHContact.m */; };
		BE62D6591DF8DD78004510A5 /* JHLocalSettings.h in Headers */ = {isa = PBXBuildFile; fileRef = BE62D5F81DF8DD78004510A5 /* JHLocalSettings.h */; };
		BE62D65A1DF8DD78004510A5 /* JHLocalSettings.m in Sources */ = {isa = PBXBuildFile; fileRef = BE62D5F91DF8DD78004510A5 /* JHLocalSettings.m */; };
		BE62D65B1DF8DD78004510A5 /* JHNetworkManager.h in Headers */ = {isa = PBXBuildFile; fileRef = BE62D5FA1DF8DD78004510A5 /* JHNetworkManager.h */; };
		BE62D65C1DF8DD78004510A5 /* JHNetworkManager.m in Sources */ = {isa = PBXBuildFile; fileRef = BE62D5FB1DF8DD78004510A5 /* JHNetworkManager.m */; };
		BE62D65D1DF8DD78004510A5 /* JHActionSheet.h in Headers */ = {isa = PBXBuildFile; fileRef = BE62D5FD1DF8DD78004510A5 /* JHActionSheet.h */; };
		BE62D65E1DF8DD78004510A5 /* JHActionSheet.m in Sources */ = {isa = PBXBuildFile; fileRef = BE62D5FE1DF8DD78004510A5 /* JHActionSheet.m */; };
		BE62D65F1DF8DD78004510A5 /* JHAlert.h in Headers */ = {isa = PBXBuildFile; fileRef = BE62D5FF1DF8DD78004510A5 /* JHAlert.h */; };
		BE62D6601DF8DD78004510A5 /* JHAlert.m in Sources */ = {isa = PBXBuildFile; fileRef = BE62D6001DF8DD78004510A5 /* JHAlert.m */; };
		BE62D6611DF8DD78004510A5 /* JHBadgeView.h in Headers */ = {isa = PBXBuildFile; fileRef = BE62D6011DF8DD78004510A5 /* JHBadgeView.h */; };
		BE62D6621DF8DD78004510A5 /* JHBadgeView.m in Sources */ = {isa = PBXBuildFile; fileRef = BE62D6021DF8DD78004510A5 /* JHBadgeView.m */; };
		BE62D6631DF8DD78004510A5 /* JHButton.h in Headers */ = {isa = PBXBuildFile; fileRef = BE62D6031DF8DD78004510A5 /* JHButton.h */; };
		BE62D6641DF8DD78004510A5 /* JHButton.m in Sources */ = {isa = PBXBuildFile; fileRef = BE62D6041DF8DD78004510A5 /* JHButton.m */; };
		BE62D6651DF8DD78004510A5 /* JHCollectionView.h in Headers */ = {isa = PBXBuildFile; fileRef = BE62D6051DF8DD78004510A5 /* JHCollectionView.h */; };
		BE62D6661DF8DD78004510A5 /* JHCollectionView.m in Sources */ = {isa = PBXBuildFile; fileRef = BE62D6061DF8DD78004510A5 /* JHCollectionView.m */; };
		BE62D6671DF8DD78004510A5 /* JHCollectionViewCell.h in Headers */ = {isa = PBXBuildFile; fileRef = BE62D6071DF8DD78004510A5 /* JHCollectionViewCell.h */; };
		BE62D6681DF8DD78004510A5 /* JHCollectionViewCell.m in Sources */ = {isa = PBXBuildFile; fileRef = BE62D6081DF8DD78004510A5 /* JHCollectionViewCell.m */; };
		BE62D6691DF8DD78004510A5 /* JHImageView.h in Headers */ = {isa = PBXBuildFile; fileRef = BE62D6091DF8DD78004510A5 /* JHImageView.h */; };
		BE62D66A1DF8DD78004510A5 /* JHImageView.m in Sources */ = {isa = PBXBuildFile; fileRef = BE62D60A1DF8DD78004510A5 /* JHImageView.m */; };
		BE62D66B1DF8DD78004510A5 /* JHLabel.h in Headers */ = {isa = PBXBuildFile; fileRef = BE62D60B1DF8DD78004510A5 /* JHLabel.h */; };
		BE62D66C1DF8DD78004510A5 /* JHLabel.m in Sources */ = {isa = PBXBuildFile; fileRef = BE62D60C1DF8DD78004510A5 /* JHLabel.m */; };
		BE62D66D1DF8DD78004510A5 /* JHPopoverView.h in Headers */ = {isa = PBXBuildFile; fileRef = BE62D60D1DF8DD78004510A5 /* JHPopoverView.h */; };
		BE62D66E1DF8DD78004510A5 /* JHPopoverView.m in Sources */ = {isa = PBXBuildFile; fileRef = BE62D60E1DF8DD78004510A5 /* JHPopoverView.m */; };
		BE62D66F1DF8DD78004510A5 /* JHShakingView.h in Headers */ = {isa = PBXBuildFile; fileRef = BE62D60F1DF8DD78004510A5 /* JHShakingView.h */; };
		BE62D6701DF8DD78004510A5 /* JHShakingView.m in Sources */ = {isa = PBXBuildFile; fileRef = BE62D6101DF8DD78004510A5 /* JHShakingView.m */; };
		BE62D6711DF8DD78004510A5 /* JHTableView.h in Headers */ = {isa = PBXBuildFile; fileRef = BE62D6111DF8DD78004510A5 /* JHTableView.h */; };
		BE62D6721DF8DD78004510A5 /* JHTableView.m in Sources */ = {isa = PBXBuildFile; fileRef = BE62D6121DF8DD78004510A5 /* JHTableView.m */; };
		BE62D6731DF8DD78004510A5 /* JHTableViewCell.h in Headers */ = {isa = PBXBuildFile; fileRef = BE62D6131DF8DD78004510A5 /* JHTableViewCell.h */; };
		BE62D6741DF8DD78004510A5 /* JHTableViewCell.m in Sources */ = {isa = PBXBuildFile; fileRef = BE62D6141DF8DD78004510A5 /* JHTableViewCell.m */; };
		BE62D6751DF8DD78004510A5 /* JHTextField.h in Headers */ = {isa = PBXBuildFile; fileRef = BE62D6151DF8DD78004510A5 /* JHTextField.h */; };
		BE62D6761DF8DD78004510A5 /* JHTextField.m in Sources */ = {isa = PBXBuildFile; fileRef = BE62D6161DF8DD78004510A5 /* JHTextField.m */; };
		BE62D6771DF8DD78004510A5 /* JHTextView.h in Headers */ = {isa = PBXBuildFile; fileRef = BE62D6171DF8DD78004510A5 /* JHTextView.h */; };
		BE62D6781DF8DD78004510A5 /* JHTextView.m in Sources */ = {isa = PBXBuildFile; fileRef = BE62D6181DF8DD78004510A5 /* JHTextView.m */; };
		BE62D6791DF8DD78004510A5 /* JHView.h in Headers */ = {isa = PBXBuildFile; fileRef = BE62D6191DF8DD78004510A5 /* JHView.h */; };
		BE62D67A1DF8DD78004510A5 /* JHView.m in Sources */ = {isa = PBXBuildFile; fileRef = BE62D61A1DF8DD78004510A5 /* JHView.m */; };
		BE62D67B1DF8DD78004510A5 /* JHCategorys.h in Headers */ = {isa = PBXBuildFile; fileRef = BE62D61C1DF8DD78004510A5 /* JHCategorys.h */; };
		BE62D67C1DF8DD78004510A5 /* NSArray+JHKit.h in Headers */ = {isa = PBXBuildFile; fileRef = BE62D61E1DF8DD78004510A5 /* NSArray+JHKit.h */; };
		BE62D67D1DF8DD78004510A5 /* NSArray+JHKit.m in Sources */ = {isa = PBXBuildFile; fileRef = BE62D61F1DF8DD78004510A5 /* NSArray+JHKit.m */; };
		BE62D67E1DF8DD78004510A5 /* NSData+JHKit.h in Headers */ = {isa = PBXBuildFile; fileRef = BE62D6201DF8DD78004510A5 /* NSData+JHKit.h */; };
		BE62D67F1DF8DD78004510A5 /* NSData+JHKit.m in Sources */ = {isa = PBXBuildFile; fileRef = BE62D6211DF8DD78004510A5 /* NSData+JHKit.m */; };
		BE62D6801DF8DD78004510A5 /* NSDate+JHKit.h in Headers */ = {isa = PBXBuildFile; fileRef = BE62D6221DF8DD78004510A5 /* NSDate+JHKit.h */; };
		BE62D6811DF8DD78004510A5 /* NSDate+JHKit.m in Sources */ = {isa = PBXBuildFile; fileRef = BE62D6231DF8DD78004510A5 /* NSDate+JHKit.m */; };
		BE62D6821DF8DD78004510A5 /* NSObject+JHKit.h in Headers */ = {isa = PBXBuildFile; fileRef = BE62D6241DF8DD78004510A5 /* NSObject+JHKit.h */; };
		BE62D6831DF8DD78004510A5 /* NSObject+JHKit.m in Sources */ = {isa = PBXBuildFile; fileRef = BE62D6251DF8DD78004510A5 /* NSObject+JHKit.m */; };
		BE62D6841DF8DD78004510A5 /* NSString+JHKit.h in Headers */ = {isa = PBXBuildFile; fileRef = BE62D6261DF8DD78004510A5 /* NSString+JHKit.h */; };
		BE62D6851DF8DD78004510A5 /* NSString+JHKit.m in Sources */ = {isa = PBXBuildFile; fileRef = BE62D6271DF8DD78004510A5 /* NSString+JHKit.m */; };
		BE62D6861DF8DD78004510A5 /* UIColor+JHKit.h in Headers */ = {isa = PBXBuildFile; fileRef = BE62D6291DF8DD78004510A5 /* UIColor+JHKit.h */; };
		BE62D6871DF8DD78004510A5 /* UIColor+JHKit.m in Sources */ = {isa = PBXBuildFile; fileRef = BE62D62A1DF8DD78004510A5 /* UIColor+JHKit.m */; };
		BE62D6881DF8DD78004510A5 /* UIImage+JHKit.h in Headers */ = {isa = PBXBuildFile; fileRef = BE62D62B1DF8DD78004510A5 /* UIImage+JHKit.h */; };
		BE62D6891DF8DD78004510A5 /* UIImage+JHKit.m in Sources */ = {isa = PBXBuildFile; fileRef = BE62D62C1DF8DD78004510A5 /* UIImage+JHKit.m */; };
		BE62D68A1DF8DD78004510A5 /* UIImageView+JHKit.h in Headers */ = {isa = PBXBuildFile; fileRef = BE62D62D1DF8DD78004510A5 /* UIImageView+JHKit.h */; };
		BE62D68B1DF8DD78004510A5 /* UIImageView+JHKit.m in Sources */ = {isa = PBXBuildFile; fileRef = BE62D62E1DF8DD78004510A5 /* UIImageView+JHKit.m */; };
		BE62D68C1DF8DD78004510A5 /* UIScrollView+JHKit.h in Headers */ = {isa = PBXBuildFile; fileRef = BE62D62F1DF8DD78004510A5 /* UIScrollView+JHKit.h */; };
		BE62D68D1DF8DD78004510A5 /* UIScrollView+JHKit.m in Sources */ = {isa = PBXBuildFile; fileRef = BE62D6301DF8DD78004510A5 /* UIScrollView+JHKit.m */; };
		BE62D68E1DF8DD78004510A5 /* UIView+JHKit.h in Headers */ = {isa = PBXBuildFile; fileRef = BE62D6311DF8DD78004510A5 /* UIView+JHKit.h */; };
		BE62D68F1DF8DD78004510A5 /* UIView+JHKit.m in Sources */ = {isa = PBXBuildFile; fileRef = BE62D6321DF8DD78004510A5 /* UIView+JHKit.m */; };
		BE62D6901DF8DD78004510A5 /* UIViewController+JHKit.h in Headers */ = {isa = PBXBuildFile; fileRef = BE62D6331DF8DD78004510A5 /* UIViewController+JHKit.h */; };
		BE62D6911DF8DD78004510A5 /* UIViewController+JHKit.m in Sources */ = {isa = PBXBuildFile; fileRef = BE62D6341DF8DD78004510A5 /* UIViewController+JHKit.m */; };
		BE62D6921DF8DD78004510A5 /* JHConstants.h in Headers */ = {isa = PBXBuildFile; fileRef = BE62D6371DF8DD78004510A5 /* JHConstants.h */; };
		BE62D6931DF8DD78004510A5 /* JHConstants_AppInfo.h in Headers */ = {isa = PBXBuildFile; fileRef = BE62D6381DF8DD78004510A5 /* JHConstants_AppInfo.h */; };
		BE62D6941DF8DD78004510A5 /* JHConstants_Color.h in Headers */ = {isa = PBXBuildFile; fileRef = BE62D6391DF8DD78004510A5 /* JHConstants_Color.h */; };
		BE62D6951DF8DD78004510A5 /* JHConstants_Device.h in Headers */ = {isa = PBXBuildFile; fileRef = BE62D63A1DF8DD78004510A5 /* JHConstants_Device.h */; };
		BE62D6961DF8DD78004510A5 /* JHConstants_Font.h in Headers */ = {isa = PBXBuildFile; fileRef = BE62D63B1DF8DD78004510A5 /* JHConstants_Font.h */; };
		BE62D6971DF8DD78004510A5 /* JHConstants_Localize.h in Headers */ = {isa = PBXBuildFile; fileRef = BE62D63C1DF8DD78004510A5 /* JHConstants_Localize.h */; };
		BE62D6981DF8DD78004510A5 /* JHConstants_Log.h in Headers */ = {isa = PBXBuildFile; fileRef = BE62D63D1DF8DD78004510A5 /* JHConstants_Log.h */; };
		BE62D6991DF8DD78004510A5 /* JHConstants_Math.h in Headers */ = {isa = PBXBuildFile; fileRef = BE62D63E1DF8DD78004510A5 /* JHConstants_Math.h */; };
		BE62D69A1DF8DD78004510A5 /* JHConstants_Notification.h in Headers */ = {isa = PBXBuildFile; fileRef = BE62D63F1DF8DD78004510A5 /* JHConstants_Notification.h */; };
		BE62D69B1DF8DD78004510A5 /* JHConstants_OpenUrl.h in Headers */ = {isa = PBXBuildFile; fileRef = BE62D6401DF8DD78004510A5 /* JHConstants_OpenUrl.h */; };
		BE62D69C1DF8DD78004510A5 /* JHConstants_Version.h in Headers */ = {isa = PBXBuildFile; fileRef = BE62D6411DF8DD78004510A5 /* JHConstants_Version.h */; };
		BE62D69D1DF8DD78004510A5 /* JHMacro.h in Headers */ = {isa = PBXBuildFile; fileRef = BE62D6421DF8DD78004510A5 /* JHMacro.h */; };
		BE62D69E1DF8DD78004510A5 /* JHClassType.h in Headers */ = {isa = PBXBuildFile; fileRef = BE62D6441DF8DD78004510A5 /* JHClassType.h */; };
		BE62D69F1DF8DD78004510A5 /* JHDataType.h in Headers */ = {isa = PBXBuildFile; fileRef = BE62D6451DF8DD78004510A5 /* JHDataType.h */; };
		BE62D6A01DF8DD78004510A5 /* JHEnumType.h in Headers */ = {isa = PBXBuildFile; fileRef = BE62D6461DF8DD78004510A5 /* JHEnumType.h */; };
		BE62D6A11DF8DD78004510A5 /* JHStructType.h in Headers */ = {isa = PBXBuildFile; fileRef = BE62D6471DF8DD78004510A5 /* JHStructType.h */; };
		BE62E1921DF90F25004510A5 /* AFNetworking.framework in Frameworks */ = {isa = PBXBuildFile; fileRef = BE62E1851DF90F14004510A5 /* AFNetworking.framework */; };
		BE62E1931DF90F2B004510A5 /* FMDB.framework in Frameworks */ = {isa = PBXBuildFile; fileRef = BE62E1771DF90F0D004510A5 /* FMDB.framework */; };
		BE62E1941DF90F31004510A5 /* IQKeyboardManager.framework in Frameworks */ = {isa = PBXBuildFile; fileRef = BE62E1621DF90F06004510A5 /* IQKeyboardManager.framework */; };
		BE62E1951DF90F37004510A5 /* JSONModel.framework in Frameworks */ = {isa = PBXBuildFile; fileRef = BE62E15B1DF90EFD004510A5 /* JSONModel.framework */; };
		BE62E1961DF90F3E004510A5 /* MBProgressHUD.framework in Frameworks */ = {isa = PBXBuildFile; fileRef = BE62E1551DF90EF3004510A5 /* MBProgressHUD.framework */; };
		BE62E1971DF90F44004510A5 /* SDWebImage.framework in Frameworks */ = {isa = PBXBuildFile; fileRef = BE62E1461DF90EEC004510A5 /* SDWebImage.framework */; };
		BE62E1B41DF912AC004510A5 /* TWRefreshIndicator.h in Headers */ = {isa = PBXBuildFile; fileRef = BE62E1A51DF912AC004510A5 /* TWRefreshIndicator.h */; };
		BE62E1B51DF912AC004510A5 /* TWRefreshView.h in Headers */ = {isa = PBXBuildFile; fileRef = BE62E1A61DF912AC004510A5 /* TWRefreshView.h */; };
		BE62E1B61DF912AC004510A5 /* TWRefreshView.m in Sources */ = {isa = PBXBuildFile; fileRef = BE62E1A71DF912AC004510A5 /* TWRefreshView.m */; };
		BE62E1B71DF912AC004510A5 /* UIScrollView+TWRefresh.h in Headers */ = {isa = PBXBuildFile; fileRef = BE62E1A81DF912AC004510A5 /* UIScrollView+TWRefresh.h */; };
		BE62E1B81DF912AC004510A5 /* UIScrollView+TWRefresh.m in Sources */ = {isa = PBXBuildFile; fileRef = BE62E1A91DF912AC004510A5 /* UIScrollView+TWRefresh.m */; };
		BE62E1B91DF912AC004510A5 /* TWRefresh.h in Headers */ = {isa = PBXBuildFile; fileRef = BE62E1AB1DF912AC004510A5 /* TWRefresh.h */; };
		BE62E1BA1DF912AC004510A5 /* TWRefreshCollectionView.h in Headers */ = {isa = PBXBuildFile; fileRef = BE62E1AC1DF912AC004510A5 /* TWRefreshCollectionView.h */; };
		BE62E1BB1DF912AC004510A5 /* TWRefreshCollectionView.m in Sources */ = {isa = PBXBuildFile; fileRef = BE62E1AD1DF912AC004510A5 /* TWRefreshCollectionView.m */; };
		BE62E1BC1DF912AC004510A5 /* TWRefreshTableView.h in Headers */ = {isa = PBXBuildFile; fileRef = BE62E1AE1DF912AC004510A5 /* TWRefreshTableView.h */; };
		BE62E1BD1DF912AC004510A5 /* TWRefreshTableView.m in Sources */ = {isa = PBXBuildFile; fileRef = BE62E1AF1DF912AC004510A5 /* TWRefreshTableView.m */; };
		BE62E1BE1DF912AC004510A5 /* centerIcon@2x.png in Resources */ = {isa = PBXBuildFile; fileRef = BE62E1B11DF912AC004510A5 /* centerIcon@2x.png */; };
		BE62E1BF1DF912AC004510A5 /* TWRefreshIndicatorView.h in Headers */ = {isa = PBXBuildFile; fileRef = BE62E1B21DF912AC004510A5 /* TWRefreshIndicatorView.h */; };
		BE62E1C01DF912AC004510A5 /* TWRefreshIndicatorView.m in Sources */ = {isa = PBXBuildFile; fileRef = BE62E1B31DF912AC004510A5 /* TWRefreshIndicatorView.m */; };
		BE62E5A91DF95F09004510A5 /* SDVersion.h in Headers */ = {isa = PBXBuildFile; fileRef = BE62E5A51DF95F09004510A5 /* SDVersion.h */; };
		BE62E5AA1DF95F09004510A5 /* SDiOSVersion.h in Headers */ = {isa = PBXBuildFile; fileRef = BE62E5A71DF95F09004510A5 /* SDiOSVersion.h */; };
		BE62E5AB1DF95F09004510A5 /* SDiOSVersion.m in Sources */ = {isa = PBXBuildFile; fileRef = BE62E5A81DF95F09004510A5 /* SDiOSVersion.m */; };
		BEB2D92F1DFBE75500F2E74B /* UIButton+JHKit.h in Headers */ = {isa = PBXBuildFile; fileRef = BEB2D92D1DFBE75500F2E74B /* UIButton+JHKit.h */; };
		BEB2D9301DFBE75500F2E74B /* UIButton+JHKit.m in Sources */ = {isa = PBXBuildFile; fileRef = BEB2D92E1DFBE75500F2E74B /* UIButton+JHKit.m */; };
		BEB2D9651DFBF2AA00F2E74B /* JHScrollView.h in Headers */ = {isa = PBXBuildFile; fileRef = BEB2D9631DFBF2AA00F2E74B /* JHScrollView.h */; };
		BEB2D9661DFBF2AA00F2E74B /* JHScrollView.m in Sources */ = {isa = PBXBuildFile; fileRef = BEB2D9641DFBF2AA00F2E74B /* JHScrollView.m */; };
/* End PBXBuildFile section */

/* Begin PBXContainerItemProxy section */
		BE62D5D51DF8DAFD004510A5 /* PBXContainerItemProxy */ = {
			isa = PBXContainerItemProxy;
			containerPortal = BE62D5C11DF8DAFD004510A5 /* Project object */;
			proxyType = 1;
			remoteGlobalIDString = BE62D5C91DF8DAFD004510A5;
			remoteInfo = JHKit;
		};
		BE62E1411DF90EEC004510A5 /* PBXContainerItemProxy */ = {
			isa = PBXContainerItemProxy;
			containerPortal = BE62E1381DF90EEC004510A5 /* SDWebImage.xcodeproj */;
			proxyType = 2;
			remoteGlobalIDString = 53761325155AD0D5005750A4;
			remoteInfo = "SDWebImage iOS static";
		};
		BE62E1431DF90EEC004510A5 /* PBXContainerItemProxy */ = {
			isa = PBXContainerItemProxy;
			containerPortal = BE62E1381DF90EEC004510A5 /* SDWebImage.xcodeproj */;
			proxyType = 2;
			remoteGlobalIDString = 4314D1991D0E0E3B004B36C9;
			remoteInfo = "SDWebImage watchOS static";
		};
		BE62E1451DF90EEC004510A5 /* PBXContainerItemProxy */ = {
			isa = PBXContainerItemProxy;
			containerPortal = BE62E1381DF90EEC004510A5 /* SDWebImage.xcodeproj */;
			proxyType = 2;
			remoteGlobalIDString = 4A2CADFF1AB4BB5300B6BC39;
			remoteInfo = "SDWebImage iOS";
		};
		BE62E1471DF90EEC004510A5 /* PBXContainerItemProxy */ = {
			isa = PBXContainerItemProxy;
			containerPortal = BE62E1381DF90EEC004510A5 /* SDWebImage.xcodeproj */;
			proxyType = 2;
			remoteGlobalIDString = 00733A4C1BC487C000A5A117;
			remoteInfo = "SDWebImage tvOS";
		};
		BE62E1491DF90EEC004510A5 /* PBXContainerItemProxy */ = {
			isa = PBXContainerItemProxy;
			containerPortal = BE62E1381DF90EEC004510A5 /* SDWebImage.xcodeproj */;
			proxyType = 2;
			remoteGlobalIDString = 431BB7031D06D2C1006A3455;
			remoteInfo = "SDWebImage watchOS";
		};
		BE62E14B1DF90EEC004510A5 /* PBXContainerItemProxy */ = {
			isa = PBXContainerItemProxy;
			containerPortal = BE62E1381DF90EEC004510A5 /* SDWebImage.xcodeproj */;
			proxyType = 2;
			remoteGlobalIDString = 4397D2F21D0DDD8C00BB2784;
			remoteInfo = "SDWebImage OSX";
		};
		BE62E1521DF90EF3004510A5 /* PBXContainerItemProxy */ = {
			isa = PBXContainerItemProxy;
			containerPortal = BE62E14D1DF90EF3004510A5 /* MBProgressHUD.xcodeproj */;
			proxyType = 2;
			remoteGlobalIDString = D286A7491518C70F00E13FB8;
			remoteInfo = "MBProgressHUD Static Library";
		};
		BE62E1541DF90EF3004510A5 /* PBXContainerItemProxy */ = {
			isa = PBXContainerItemProxy;
			containerPortal = BE62E14D1DF90EF3004510A5 /* MBProgressHUD.xcodeproj */;
			proxyType = 2;
			remoteGlobalIDString = 1D104D7A1ACA36CC00973364;
			remoteInfo = "MBProgressHUD Framework";
		};
		BE62E15A1DF90EFD004510A5 /* PBXContainerItemProxy */ = {
			isa = PBXContainerItemProxy;
			containerPortal = BE62E1561DF90EFD004510A5 /* JSONModel.xcodeproj */;
			proxyType = 2;
			remoteGlobalIDString = 92C9BC3D1B19A51100D79B06;
			remoteInfo = JSONModel;
		};
		BE62E1611DF90F06004510A5 /* PBXContainerItemProxy */ = {
			isa = PBXContainerItemProxy;
			containerPortal = BE62E15C1DF90F06004510A5 /* IQKeyboardManager.xcodeproj */;
			proxyType = 2;
			remoteGlobalIDString = 4CD2C4A61C5A615600975A7A;
			remoteInfo = IQKeyboardManager;
		};
		BE62E1631DF90F06004510A5 /* PBXContainerItemProxy */ = {
			isa = PBXContainerItemProxy;
			containerPortal = BE62E15C1DF90F06004510A5 /* IQKeyboardManager.xcodeproj */;
			proxyType = 2;
			remoteGlobalIDString = 4CD5970C1D1C5EBE00AB28D3;
			remoteInfo = IQKeyboardManagerSwift;
		};
		BE62E16E1DF90F0D004510A5 /* PBXContainerItemProxy */ = {
			isa = PBXContainerItemProxy;
			containerPortal = BE62E1651DF90F0D004510A5 /* fmdb.xcodeproj */;
			proxyType = 2;
			remoteGlobalIDString = 8DD76FA10486AA7600D96B5E;
			remoteInfo = fmdb;
		};
		BE62E1701DF90F0D004510A5 /* PBXContainerItemProxy */ = {
			isa = PBXContainerItemProxy;
			containerPortal = BE62E1651DF90F0D004510A5 /* fmdb.xcodeproj */;
			proxyType = 2;
			remoteGlobalIDString = EE4290EF12B42F870088BD94;
			remoteInfo = FMDB;
		};
		BE62E1721DF90F0D004510A5 /* PBXContainerItemProxy */ = {
			isa = PBXContainerItemProxy;
			containerPortal = BE62E1651DF90F0D004510A5 /* fmdb.xcodeproj */;
			proxyType = 2;
			remoteGlobalIDString = BF5D041618416BB2008C5AA9;
			remoteInfo = Tests;
		};
		BE62E1741DF90F0D004510A5 /* PBXContainerItemProxy */ = {
			isa = PBXContainerItemProxy;
			containerPortal = BE62E1651DF90F0D004510A5 /* fmdb.xcodeproj */;
			proxyType = 2;
			remoteGlobalIDString = 6290CBB5188FE836009790F8;
			remoteInfo = "FMDB-IOS";
		};
		BE62E1761DF90F0D004510A5 /* PBXContainerItemProxy */ = {
			isa = PBXContainerItemProxy;
			containerPortal = BE62E1651DF90F0D004510A5 /* fmdb.xcodeproj */;
			proxyType = 2;
			remoteGlobalIDString = 83C73EFE1C326AB000FFC730;
			remoteInfo = "FMDB iOS";
		};
		BE62E1781DF90F0D004510A5 /* PBXContainerItemProxy */ = {
			isa = PBXContainerItemProxy;
			containerPortal = BE62E1651DF90F0D004510A5 /* fmdb.xcodeproj */;
			proxyType = 2;
			remoteGlobalIDString = 83C73F0B1C326ADA00FFC730;
			remoteInfo = "FMDB MacOS";
		};
		BE62E1841DF90F14004510A5 /* PBXContainerItemProxy */ = {
			isa = PBXContainerItemProxy;
			containerPortal = BE62E17A1DF90F14004510A5 /* AFNetworking.xcodeproj */;
			proxyType = 2;
			remoteGlobalIDString = 299522391BBF104D00859F49;
			remoteInfo = "AFNetworking iOS";
		};
		BE62E1861DF90F14004510A5 /* PBXContainerItemProxy */ = {
			isa = PBXContainerItemProxy;
			containerPortal = BE62E17A1DF90F14004510A5 /* AFNetworking.xcodeproj */;
			proxyType = 2;
			remoteGlobalIDString = 299522651BBF129200859F49;
			remoteInfo = "AFNetworking watchOS";
		};
		BE62E1881DF90F14004510A5 /* PBXContainerItemProxy */ = {
			isa = PBXContainerItemProxy;
			containerPortal = BE62E17A1DF90F14004510A5 /* AFNetworking.xcodeproj */;
			proxyType = 2;
			remoteGlobalIDString = 299522771BBF136400859F49;
			remoteInfo = "AFNetworking OS X";
		};
		BE62E18A1DF90F14004510A5 /* PBXContainerItemProxy */ = {
			isa = PBXContainerItemProxy;
			containerPortal = BE62E17A1DF90F14004510A5 /* AFNetworking.xcodeproj */;
			proxyType = 2;
			remoteGlobalIDString = 2987B0A51BC408A200179A4C;
			remoteInfo = "AFNetworking tvOS";
		};
		BE62E18C1DF90F14004510A5 /* PBXContainerItemProxy */ = {
			isa = PBXContainerItemProxy;
			containerPortal = BE62E17A1DF90F14004510A5 /* AFNetworking.xcodeproj */;
			proxyType = 2;
			remoteGlobalIDString = 298D7C3B1BC2C79500FD3B3E;
			remoteInfo = "AFNetworking iOS Tests";
		};
		BE62E18E1DF90F14004510A5 /* PBXContainerItemProxy */ = {
			isa = PBXContainerItemProxy;
			containerPortal = BE62E17A1DF90F14004510A5 /* AFNetworking.xcodeproj */;
			proxyType = 2;
			remoteGlobalIDString = 298D7C4A1BC2C7B200FD3B3E;
			remoteInfo = "AFNetworking Mac OS X Tests";
		};
		BE62E1901DF90F14004510A5 /* PBXContainerItemProxy */ = {
			isa = PBXContainerItemProxy;
			containerPortal = BE62E17A1DF90F14004510A5 /* AFNetworking.xcodeproj */;
			proxyType = 2;
			remoteGlobalIDString = 2987B0AE1BC408A200179A4C;
			remoteInfo = "AFNetworking tvOS Tests";
		};
/* End PBXContainerItemProxy section */

/* Begin PBXFileReference section */
		BE62D5CA1DF8DAFD004510A5 /* JHKit.framework */ = {isa = PBXFileReference; explicitFileType = wrapper.framework; includeInIndex = 0; path = JHKit.framework; sourceTree = BUILT_PRODUCTS_DIR; };
		BE62D5CD1DF8DAFD004510A5 /* JHKit.h */ = {isa = PBXFileReference; lastKnownFileType = sourcecode.c.h; path = JHKit.h; sourceTree = "<group>"; };
		BE62D5CE1DF8DAFD004510A5 /* Info.plist */ = {isa = PBXFileReference; lastKnownFileType = text.plist.xml; path = Info.plist; sourceTree = "<group>"; };
		BE62D5D31DF8DAFD004510A5 /* JHKitTests.xctest */ = {isa = PBXFileReference; explicitFileType = wrapper.cfbundle; includeInIndex = 0; path = JHKitTests.xctest; sourceTree = BUILT_PRODUCTS_DIR; };
		BE62D5D81DF8DAFD004510A5 /* JHKitTests.m */ = {isa = PBXFileReference; lastKnownFileType = sourcecode.c.objc; path = JHKitTests.m; sourceTree = "<group>"; };
		BE62D5DA1DF8DAFD004510A5 /* Info.plist */ = {isa = PBXFileReference; lastKnownFileType = text.plist.xml; path = Info.plist; sourceTree = "<group>"; };
		BE62D5E41DF8DD78004510A5 /* JHKit-Prefix.pch */ = {isa = PBXFileReference; fileEncoding = 4; lastKnownFileType = sourcecode.c.h; path = "JHKit-Prefix.pch"; sourceTree = "<group>"; };
		BE62D5E71DF8DD78004510A5 /* JHNavigationController.h */ = {isa = PBXFileReference; fileEncoding = 4; lastKnownFileType = sourcecode.c.h; path = JHNavigationController.h; sourceTree = "<group>"; };
		BE62D5E81DF8DD78004510A5 /* JHNavigationController.m */ = {isa = PBXFileReference; fileEncoding = 4; lastKnownFileType = sourcecode.c.objc; path = JHNavigationController.m; sourceTree = "<group>"; };
		BE62D5E91DF8DD78004510A5 /* JHObject.h */ = {isa = PBXFileReference; fileEncoding = 4; lastKnownFileType = sourcecode.c.h; path = JHObject.h; sourceTree = "<group>"; };
		BE62D5EA1DF8DD78004510A5 /* JHObject.m */ = {isa = PBXFileReference; fileEncoding = 4; lastKnownFileType = sourcecode.c.objc; path = JHObject.m; sourceTree = "<group>"; };
		BE62D5EB1DF8DD78004510A5 /* JHRequest.h */ = {isa = PBXFileReference; fileEncoding = 4; lastKnownFileType = sourcecode.c.h; path = JHRequest.h; sourceTree = "<group>"; };
		BE62D5EC1DF8DD78004510A5 /* JHRequest.m */ = {isa = PBXFileReference; fileEncoding = 4; lastKnownFileType = sourcecode.c.objc; path = JHRequest.m; sourceTree = "<group>"; };
		BE62D5ED1DF8DD78004510A5 /* JHResponse.h */ = {isa = PBXFileReference; fileEncoding = 4; lastKnownFileType = sourcecode.c.h; path = JHResponse.h; sourceTree = "<group>"; };
		BE62D5EE1DF8DD78004510A5 /* JHResponse.m */ = {isa = PBXFileReference; fileEncoding = 4; lastKnownFileType = sourcecode.c.objc; path = JHResponse.m; sourceTree = "<group>"; };
		BE62D5EF1DF8DD78004510A5 /* JHViewController.h */ = {isa = PBXFileReference; fileEncoding = 4; lastKnownFileType = sourcecode.c.h; path = JHViewController.h; sourceTree = "<group>"; };
		BE62D5F01DF8DD78004510A5 /* JHViewController.m */ = {isa = PBXFileReference; fileEncoding = 4; lastKnownFileType = sourcecode.c.objc; path = JHViewController.m; sourceTree = "<group>"; };
		BE62D5F11DF8DD78004510A5 /* JHBases.h */ = {isa = PBXFileReference; fileEncoding = 4; lastKnownFileType = sourcecode.c.h; path = JHBases.h; sourceTree = "<group>"; };
		BE62D5F21DF8DD78004510A5 /* JHWidgets.h */ = {isa = PBXFileReference; fileEncoding = 4; lastKnownFileType = sourcecode.c.h; path = JHWidgets.h; sourceTree = "<group>"; };
		BE62D5F41DF8DD78004510A5 /* JHAddressBookReader.h */ = {isa = PBXFileReference; fileEncoding = 4; lastKnownFileType = sourcecode.c.h; path = JHAddressBookReader.h; sourceTree = "<group>"; };
		BE62D5F51DF8DD78004510A5 /* JHAddressBookReader.m */ = {isa = PBXFileReference; fileEncoding = 4; lastKnownFileType = sourcecode.c.objc; path = JHAddressBookReader.m; sourceTree = "<group>"; };
		BE62D5F61DF8DD78004510A5 /* JHContact.h */ = {isa = PBXFileReference; fileEncoding = 4; lastKnownFileType = sourcecode.c.h; path = JHContact.h; sourceTree = "<group>"; };
		BE62D5F71DF8DD78004510A5 /* JHContact.m */ = {isa = PBXFileReference; fileEncoding = 4; lastKnownFileType = sourcecode.c.objc; path = JHContact.m; sourceTree = "<group>"; };
		BE62D5F81DF8DD78004510A5 /* JHLocalSettings.h */ = {isa = PBXFileReference; fileEncoding = 4; lastKnownFileType = sourcecode.c.h; path = JHLocalSettings.h; sourceTree = "<group>"; };
		BE62D5F91DF8DD78004510A5 /* JHLocalSettings.m */ = {isa = PBXFileReference; fileEncoding = 4; lastKnownFileType = sourcecode.c.objc; path = JHLocalSettings.m; sourceTree = "<group>"; };
		BE62D5FA1DF8DD78004510A5 /* JHNetworkManager.h */ = {isa = PBXFileReference; fileEncoding = 4; lastKnownFileType = sourcecode.c.h; path = JHNetworkManager.h; sourceTree = "<group>"; };
		BE62D5FB1DF8DD78004510A5 /* JHNetworkManager.m */ = {isa = PBXFileReference; fileEncoding = 4; lastKnownFileType = sourcecode.c.objc; path = JHNetworkManager.m; sourceTree = "<group>"; };
		BE62D5FD1DF8DD78004510A5 /* JHActionSheet.h */ = {isa = PBXFileReference; fileEncoding = 4; lastKnownFileType = sourcecode.c.h; path = JHActionSheet.h; sourceTree = "<group>"; };
		BE62D5FE1DF8DD78004510A5 /* JHActionSheet.m */ = {isa = PBXFileReference; fileEncoding = 4; lastKnownFileType = sourcecode.c.objc; path = JHActionSheet.m; sourceTree = "<group>"; };
		BE62D5FF1DF8DD78004510A5 /* JHAlert.h */ = {isa = PBXFileReference; fileEncoding = 4; lastKnownFileType = sourcecode.c.h; path = JHAlert.h; sourceTree = "<group>"; };
		BE62D6001DF8DD78004510A5 /* JHAlert.m */ = {isa = PBXFileReference; fileEncoding = 4; lastKnownFileType = sourcecode.c.objc; path = JHAlert.m; sourceTree = "<group>"; };
		BE62D6011DF8DD78004510A5 /* JHBadgeView.h */ = {isa = PBXFileReference; fileEncoding = 4; lastKnownFileType = sourcecode.c.h; path = JHBadgeView.h; sourceTree = "<group>"; };
		BE62D6021DF8DD78004510A5 /* JHBadgeView.m */ = {isa = PBXFileReference; fileEncoding = 4; lastKnownFileType = sourcecode.c.objc; path = JHBadgeView.m; sourceTree = "<group>"; };
		BE62D6031DF8DD78004510A5 /* JHButton.h */ = {isa = PBXFileReference; fileEncoding = 4; lastKnownFileType = sourcecode.c.h; path = JHButton.h; sourceTree = "<group>"; };
		BE62D6041DF8DD78004510A5 /* JHButton.m */ = {isa = PBXFileReference; fileEncoding = 4; lastKnownFileType = sourcecode.c.objc; path = JHButton.m; sourceTree = "<group>"; };
		BE62D6051DF8DD78004510A5 /* JHCollectionView.h */ = {isa = PBXFileReference; fileEncoding = 4; lastKnownFileType = sourcecode.c.h; path = JHCollectionView.h; sourceTree = "<group>"; };
		BE62D6061DF8DD78004510A5 /* JHCollectionView.m */ = {isa = PBXFileReference; fileEncoding = 4; lastKnownFileType = sourcecode.c.objc; path = JHCollectionView.m; sourceTree = "<group>"; };
		BE62D6071DF8DD78004510A5 /* JHCollectionViewCell.h */ = {isa = PBXFileReference; fileEncoding = 4; lastKnownFileType = sourcecode.c.h; path = JHCollectionViewCell.h; sourceTree = "<group>"; };
		BE62D6081DF8DD78004510A5 /* JHCollectionViewCell.m */ = {isa = PBXFileReference; fileEncoding = 4; lastKnownFileType = sourcecode.c.objc; path = JHCollectionViewCell.m; sourceTree = "<group>"; };
		BE62D6091DF8DD78004510A5 /* JHImageView.h */ = {isa = PBXFileReference; fileEncoding = 4; lastKnownFileType = sourcecode.c.h; path = JHImageView.h; sourceTree = "<group>"; };
		BE62D60A1DF8DD78004510A5 /* JHImageView.m */ = {isa = PBXFileReference; fileEncoding = 4; lastKnownFileType = sourcecode.c.objc; path = JHImageView.m; sourceTree = "<group>"; };
		BE62D60B1DF8DD78004510A5 /* JHLabel.h */ = {isa = PBXFileReference; fileEncoding = 4; lastKnownFileType = sourcecode.c.h; path = JHLabel.h; sourceTree = "<group>"; };
		BE62D60C1DF8DD78004510A5 /* JHLabel.m */ = {isa = PBXFileReference; fileEncoding = 4; lastKnownFileType = sourcecode.c.objc; path = JHLabel.m; sourceTree = "<group>"; };
		BE62D60D1DF8DD78004510A5 /* JHPopoverView.h */ = {isa = PBXFileReference; fileEncoding = 4; lastKnownFileType = sourcecode.c.h; path = JHPopoverView.h; sourceTree = "<group>"; };
		BE62D60E1DF8DD78004510A5 /* JHPopoverView.m */ = {isa = PBXFileReference; fileEncoding = 4; lastKnownFileType = sourcecode.c.objc; path = JHPopoverView.m; sourceTree = "<group>"; };
		BE62D60F1DF8DD78004510A5 /* JHShakingView.h */ = {isa = PBXFileReference; fileEncoding = 4; lastKnownFileType = sourcecode.c.h; path = JHShakingView.h; sourceTree = "<group>"; };
		BE62D6101DF8DD78004510A5 /* JHShakingView.m */ = {isa = PBXFileReference; fileEncoding = 4; lastKnownFileType = sourcecode.c.objc; path = JHShakingView.m; sourceTree = "<group>"; };
		BE62D6111DF8DD78004510A5 /* JHTableView.h */ = {isa = PBXFileReference; fileEncoding = 4; lastKnownFileType = sourcecode.c.h; path = JHTableView.h; sourceTree = "<group>"; };
		BE62D6121DF8DD78004510A5 /* JHTableView.m */ = {isa = PBXFileReference; fileEncoding = 4; lastKnownFileType = sourcecode.c.objc; path = JHTableView.m; sourceTree = "<group>"; };
		BE62D6131DF8DD78004510A5 /* JHTableViewCell.h */ = {isa = PBXFileReference; fileEncoding = 4; lastKnownFileType = sourcecode.c.h; path = JHTableViewCell.h; sourceTree = "<group>"; };
		BE62D6141DF8DD78004510A5 /* JHTableViewCell.m */ = {isa = PBXFileReference; fileEncoding = 4; lastKnownFileType = sourcecode.c.objc; path = JHTableViewCell.m; sourceTree = "<group>"; };
		BE62D6151DF8DD78004510A5 /* JHTextField.h */ = {isa = PBXFileReference; fileEncoding = 4; lastKnownFileType = sourcecode.c.h; path = JHTextField.h; sourceTree = "<group>"; };
		BE62D6161DF8DD78004510A5 /* JHTextField.m */ = {isa = PBXFileReference; fileEncoding = 4; lastKnownFileType = sourcecode.c.objc; path = JHTextField.m; sourceTree = "<group>"; };
		BE62D6171DF8DD78004510A5 /* JHTextView.h */ = {isa = PBXFileReference; fileEncoding = 4; lastKnownFileType = sourcecode.c.h; path = JHTextView.h; sourceTree = "<group>"; };
		BE62D6181DF8DD78004510A5 /* JHTextView.m */ = {isa = PBXFileReference; fileEncoding = 4; lastKnownFileType = sourcecode.c.objc; path = JHTextView.m; sourceTree = "<group>"; };
		BE62D6191DF8DD78004510A5 /* JHView.h */ = {isa = PBXFileReference; fileEncoding = 4; lastKnownFileType = sourcecode.c.h; path = JHView.h; sourceTree = "<group>"; };
		BE62D61A1DF8DD78004510A5 /* JHView.m */ = {isa = PBXFileReference; fileEncoding = 4; lastKnownFileType = sourcecode.c.objc; path = JHView.m; sourceTree = "<group>"; };
		BE62D61C1DF8DD78004510A5 /* JHCategorys.h */ = {isa = PBXFileReference; fileEncoding = 4; lastKnownFileType = sourcecode.c.h; path = JHCategorys.h; sourceTree = "<group>"; };
		BE62D61E1DF8DD78004510A5 /* NSArray+JHKit.h */ = {isa = PBXFileReference; fileEncoding = 4; lastKnownFileType = sourcecode.c.h; path = "NSArray+JHKit.h"; sourceTree = "<group>"; };
		BE62D61F1DF8DD78004510A5 /* NSArray+JHKit.m */ = {isa = PBXFileReference; fileEncoding = 4; lastKnownFileType = sourcecode.c.objc; path = "NSArray+JHKit.m"; sourceTree = "<group>"; };
		BE62D6201DF8DD78004510A5 /* NSData+JHKit.h */ = {isa = PBXFileReference; fileEncoding = 4; lastKnownFileType = sourcecode.c.h; path = "NSData+JHKit.h"; sourceTree = "<group>"; };
		BE62D6211DF8DD78004510A5 /* NSData+JHKit.m */ = {isa = PBXFileReference; fileEncoding = 4; lastKnownFileType = sourcecode.c.objc; path = "NSData+JHKit.m"; sourceTree = "<group>"; };
		BE62D6221DF8DD78004510A5 /* NSDate+JHKit.h */ = {isa = PBXFileReference; fileEncoding = 4; lastKnownFileType = sourcecode.c.h; path = "NSDate+JHKit.h"; sourceTree = "<group>"; };
		BE62D6231DF8DD78004510A5 /* NSDate+JHKit.m */ = {isa = PBXFileReference; fileEncoding = 4; lastKnownFileType = sourcecode.c.objc; path = "NSDate+JHKit.m"; sourceTree = "<group>"; };
		BE62D6241DF8DD78004510A5 /* NSObject+JHKit.h */ = {isa = PBXFileReference; fileEncoding = 4; lastKnownFileType = sourcecode.c.h; path = "NSObject+JHKit.h"; sourceTree = "<group>"; };
		BE62D6251DF8DD78004510A5 /* NSObject+JHKit.m */ = {isa = PBXFileReference; fileEncoding = 4; lastKnownFileType = sourcecode.c.objc; path = "NSObject+JHKit.m"; sourceTree = "<group>"; };
		BE62D6261DF8DD78004510A5 /* NSString+JHKit.h */ = {isa = PBXFileReference; fileEncoding = 4; lastKnownFileType = sourcecode.c.h; path = "NSString+JHKit.h"; sourceTree = "<group>"; };
		BE62D6271DF8DD78004510A5 /* NSString+JHKit.m */ = {isa = PBXFileReference; fileEncoding = 4; lastKnownFileType = sourcecode.c.objc; path = "NSString+JHKit.m"; sourceTree = "<group>"; };
		BE62D6291DF8DD78004510A5 /* UIColor+JHKit.h */ = {isa = PBXFileReference; fileEncoding = 4; lastKnownFileType = sourcecode.c.h; path = "UIColor+JHKit.h"; sourceTree = "<group>"; };
		BE62D62A1DF8DD78004510A5 /* UIColor+JHKit.m */ = {isa = PBXFileReference; fileEncoding = 4; lastKnownFileType = sourcecode.c.objc; path = "UIColor+JHKit.m"; sourceTree = "<group>"; };
		BE62D62B1DF8DD78004510A5 /* UIImage+JHKit.h */ = {isa = PBXFileReference; fileEncoding = 4; lastKnownFileType = sourcecode.c.h; path = "UIImage+JHKit.h"; sourceTree = "<group>"; };
		BE62D62C1DF8DD78004510A5 /* UIImage+JHKit.m */ = {isa = PBXFileReference; fileEncoding = 4; lastKnownFileType = sourcecode.c.objc; path = "UIImage+JHKit.m"; sourceTree = "<group>"; };
		BE62D62D1DF8DD78004510A5 /* UIImageView+JHKit.h */ = {isa = PBXFileReference; fileEncoding = 4; lastKnownFileType = sourcecode.c.h; path = "UIImageView+JHKit.h"; sourceTree = "<group>"; };
		BE62D62E1DF8DD78004510A5 /* UIImageView+JHKit.m */ = {isa = PBXFileReference; fileEncoding = 4; lastKnownFileType = sourcecode.c.objc; path = "UIImageView+JHKit.m"; sourceTree = "<group>"; };
		BE62D62F1DF8DD78004510A5 /* UIScrollView+JHKit.h */ = {isa = PBXFileReference; fileEncoding = 4; lastKnownFileType = sourcecode.c.h; path = "UIScrollView+JHKit.h"; sourceTree = "<group>"; };
		BE62D6301DF8DD78004510A5 /* UIScrollView+JHKit.m */ = {isa = PBXFileReference; fileEncoding = 4; lastKnownFileType = sourcecode.c.objc; path = "UIScrollView+JHKit.m"; sourceTree = "<group>"; };
		BE62D6311DF8DD78004510A5 /* UIView+JHKit.h */ = {isa = PBXFileReference; fileEncoding = 4; lastKnownFileType = sourcecode.c.h; path = "UIView+JHKit.h"; sourceTree = "<group>"; };
		BE62D6321DF8DD78004510A5 /* UIView+JHKit.m */ = {isa = PBXFileReference; fileEncoding = 4; lastKnownFileType = sourcecode.c.objc; path = "UIView+JHKit.m"; sourceTree = "<group>"; };
		BE62D6331DF8DD78004510A5 /* UIViewController+JHKit.h */ = {isa = PBXFileReference; fileEncoding = 4; lastKnownFileType = sourcecode.c.h; path = "UIViewController+JHKit.h"; sourceTree = "<group>"; };
		BE62D6341DF8DD78004510A5 /* UIViewController+JHKit.m */ = {isa = PBXFileReference; fileEncoding = 4; lastKnownFileType = sourcecode.c.objc; path = "UIViewController+JHKit.m"; sourceTree = "<group>"; };
		BE62D6371DF8DD78004510A5 /* JHConstants.h */ = {isa = PBXFileReference; fileEncoding = 4; lastKnownFileType = sourcecode.c.h; path = JHConstants.h; sourceTree = "<group>"; };
		BE62D6381DF8DD78004510A5 /* JHConstants_AppInfo.h */ = {isa = PBXFileReference; fileEncoding = 4; lastKnownFileType = sourcecode.c.h; path = JHConstants_AppInfo.h; sourceTree = "<group>"; };
		BE62D6391DF8DD78004510A5 /* JHConstants_Color.h */ = {isa = PBXFileReference; fileEncoding = 4; lastKnownFileType = sourcecode.c.h; path = JHConstants_Color.h; sourceTree = "<group>"; };
		BE62D63A1DF8DD78004510A5 /* JHConstants_Device.h */ = {isa = PBXFileReference; fileEncoding = 4; lastKnownFileType = sourcecode.c.h; path = JHConstants_Device.h; sourceTree = "<group>"; };
		BE62D63B1DF8DD78004510A5 /* JHConstants_Font.h */ = {isa = PBXFileReference; fileEncoding = 4; lastKnownFileType = sourcecode.c.h; path = JHConstants_Font.h; sourceTree = "<group>"; };
		BE62D63C1DF8DD78004510A5 /* JHConstants_Localize.h */ = {isa = PBXFileReference; fileEncoding = 4; lastKnownFileType = sourcecode.c.h; path = JHConstants_Localize.h; sourceTree = "<group>"; };
		BE62D63D1DF8DD78004510A5 /* JHConstants_Log.h */ = {isa = PBXFileReference; fileEncoding = 4; lastKnownFileType = sourcecode.c.h; path = JHConstants_Log.h; sourceTree = "<group>"; };
		BE62D63E1DF8DD78004510A5 /* JHConstants_Math.h */ = {isa = PBXFileReference; fileEncoding = 4; lastKnownFileType = sourcecode.c.h; path = JHConstants_Math.h; sourceTree = "<group>"; };
		BE62D63F1DF8DD78004510A5 /* JHConstants_Notification.h */ = {isa = PBXFileReference; fileEncoding = 4; lastKnownFileType = sourcecode.c.h; path = JHConstants_Notification.h; sourceTree = "<group>"; };
		BE62D6401DF8DD78004510A5 /* JHConstants_OpenUrl.h */ = {isa = PBXFileReference; fileEncoding = 4; lastKnownFileType = sourcecode.c.h; path = JHConstants_OpenUrl.h; sourceTree = "<group>"; };
		BE62D6411DF8DD78004510A5 /* JHConstants_Version.h */ = {isa = PBXFileReference; fileEncoding = 4; lastKnownFileType = sourcecode.c.h; path = JHConstants_Version.h; sourceTree = "<group>"; };
		BE62D6421DF8DD78004510A5 /* JHMacro.h */ = {isa = PBXFileReference; fileEncoding = 4; lastKnownFileType = sourcecode.c.h; path = JHMacro.h; sourceTree = "<group>"; };
		BE62D6441DF8DD78004510A5 /* JHClassType.h */ = {isa = PBXFileReference; fileEncoding = 4; lastKnownFileType = sourcecode.c.h; path = JHClassType.h; sourceTree = "<group>"; };
		BE62D6451DF8DD78004510A5 /* JHDataType.h */ = {isa = PBXFileReference; fileEncoding = 4; lastKnownFileType = sourcecode.c.h; path = JHDataType.h; sourceTree = "<group>"; };
		BE62D6461DF8DD78004510A5 /* JHEnumType.h */ = {isa = PBXFileReference; fileEncoding = 4; lastKnownFileType = sourcecode.c.h; path = JHEnumType.h; sourceTree = "<group>"; };
		BE62D6471DF8DD78004510A5 /* JHStructType.h */ = {isa = PBXFileReference; fileEncoding = 4; lastKnownFileType = sourcecode.c.h; path = JHStructType.h; sourceTree = "<group>"; };
		BE62E1381DF90EEC004510A5 /* SDWebImage.xcodeproj */ = {isa = PBXFileReference; lastKnownFileType = "wrapper.pb-project"; name = SDWebImage.xcodeproj; path = SDWebImage/SDWebImage.xcodeproj; sourceTree = "<group>"; };
		BE62E14D1DF90EF3004510A5 /* MBProgressHUD.xcodeproj */ = {isa = PBXFileReference; lastKnownFileType = "wrapper.pb-project"; name = MBProgressHUD.xcodeproj; path = MBProgressHUD/MBProgressHUD.xcodeproj; sourceTree = "<group>"; };
		BE62E1561DF90EFD004510A5 /* JSONModel.xcodeproj */ = {isa = PBXFileReference; lastKnownFileType = "wrapper.pb-project"; name = JSONModel.xcodeproj; path = JsonModel/JSONModel.xcodeproj; sourceTree = "<group>"; };
		BE62E15C1DF90F06004510A5 /* IQKeyboardManager.xcodeproj */ = {isa = PBXFileReference; lastKnownFileType = "wrapper.pb-project"; name = IQKeyboardManager.xcodeproj; path = IQKeyboardManager/IQKeyboardManager.xcodeproj; sourceTree = "<group>"; };
		BE62E1651DF90F0D004510A5 /* fmdb.xcodeproj */ = {isa = PBXFileReference; lastKnownFileType = "wrapper.pb-project"; name = fmdb.xcodeproj; path = FMDB/fmdb.xcodeproj; sourceTree = "<group>"; };
		BE62E17A1DF90F14004510A5 /* AFNetworking.xcodeproj */ = {isa = PBXFileReference; lastKnownFileType = "wrapper.pb-project"; name = AFNetworking.xcodeproj; path = AFNetworking/AFNetworking.xcodeproj; sourceTree = "<group>"; };
		BE62E1A51DF912AC004510A5 /* TWRefreshIndicator.h */ = {isa = PBXFileReference; fileEncoding = 4; lastKnownFileType = sourcecode.c.h; path = TWRefreshIndicator.h; sourceTree = "<group>"; };
		BE62E1A61DF912AC004510A5 /* TWRefreshView.h */ = {isa = PBXFileReference; fileEncoding = 4; lastKnownFileType = sourcecode.c.h; path = TWRefreshView.h; sourceTree = "<group>"; };
		BE62E1A71DF912AC004510A5 /* TWRefreshView.m */ = {isa = PBXFileReference; fileEncoding = 4; lastKnownFileType = sourcecode.c.objc; path = TWRefreshView.m; sourceTree = "<group>"; };
		BE62E1A81DF912AC004510A5 /* UIScrollView+TWRefresh.h */ = {isa = PBXFileReference; fileEncoding = 4; lastKnownFileType = sourcecode.c.h; path = "UIScrollView+TWRefresh.h"; sourceTree = "<group>"; };
		BE62E1A91DF912AC004510A5 /* UIScrollView+TWRefresh.m */ = {isa = PBXFileReference; fileEncoding = 4; lastKnownFileType = sourcecode.c.objc; path = "UIScrollView+TWRefresh.m"; sourceTree = "<group>"; };
		BE62E1AB1DF912AC004510A5 /* TWRefresh.h */ = {isa = PBXFileReference; fileEncoding = 4; lastKnownFileType = sourcecode.c.h; path = TWRefresh.h; sourceTree = "<group>"; };
		BE62E1AC1DF912AC004510A5 /* TWRefreshCollectionView.h */ = {isa = PBXFileReference; fileEncoding = 4; lastKnownFileType = sourcecode.c.h; path = TWRefreshCollectionView.h; sourceTree = "<group>"; };
		BE62E1AD1DF912AC004510A5 /* TWRefreshCollectionView.m */ = {isa = PBXFileReference; fileEncoding = 4; lastKnownFileType = sourcecode.c.objc; path = TWRefreshCollectionView.m; sourceTree = "<group>"; };
		BE62E1AE1DF912AC004510A5 /* TWRefreshTableView.h */ = {isa = PBXFileReference; fileEncoding = 4; lastKnownFileType = sourcecode.c.h; path = TWRefreshTableView.h; sourceTree = "<group>"; };
		BE62E1AF1DF912AC004510A5 /* TWRefreshTableView.m */ = {isa = PBXFileReference; fileEncoding = 4; lastKnownFileType = sourcecode.c.objc; path = TWRefreshTableView.m; sourceTree = "<group>"; };
		BE62E1B11DF912AC004510A5 /* centerIcon@2x.png */ = {isa = PBXFileReference; lastKnownFileType = image.png; path = "centerIcon@2x.png"; sourceTree = "<group>"; };
		BE62E1B21DF912AC004510A5 /* TWRefreshIndicatorView.h */ = {isa = PBXFileReference; fileEncoding = 4; lastKnownFileType = sourcecode.c.h; path = TWRefreshIndicatorView.h; sourceTree = "<group>"; };
		BE62E1B31DF912AC004510A5 /* TWRefreshIndicatorView.m */ = {isa = PBXFileReference; fileEncoding = 4; lastKnownFileType = sourcecode.c.objc; path = TWRefreshIndicatorView.m; sourceTree = "<group>"; };
		BE62E5A51DF95F09004510A5 /* SDVersion.h */ = {isa = PBXFileReference; fileEncoding = 4; lastKnownFileType = sourcecode.c.h; name = SDVersion.h; path = SDVersion/SDVersion.h; sourceTree = "<group>"; };
		BE62E5A71DF95F09004510A5 /* SDiOSVersion.h */ = {isa = PBXFileReference; fileEncoding = 4; lastKnownFileType = sourcecode.c.h; path = SDiOSVersion.h; sourceTree = "<group>"; };
		BE62E5A81DF95F09004510A5 /* SDiOSVersion.m */ = {isa = PBXFileReference; fileEncoding = 4; lastKnownFileType = sourcecode.c.objc; path = SDiOSVersion.m; sourceTree = "<group>"; };
		BEB2D92D1DFBE75500F2E74B /* UIButton+JHKit.h */ = {isa = PBXFileReference; fileEncoding = 4; lastKnownFileType = sourcecode.c.h; path = "UIButton+JHKit.h"; sourceTree = "<group>"; };
		BEB2D92E1DFBE75500F2E74B /* UIButton+JHKit.m */ = {isa = PBXFileReference; fileEncoding = 4; lastKnownFileType = sourcecode.c.objc; path = "UIButton+JHKit.m"; sourceTree = "<group>"; };
		BEB2D9631DFBF2AA00F2E74B /* JHScrollView.h */ = {isa = PBXFileReference; fileEncoding = 4; lastKnownFileType = sourcecode.c.h; path = JHScrollView.h; sourceTree = "<group>"; };
		BEB2D9641DFBF2AA00F2E74B /* JHScrollView.m */ = {isa = PBXFileReference; fileEncoding = 4; lastKnownFileType = sourcecode.c.objc; path = JHScrollView.m; sourceTree = "<group>"; };
/* End PBXFileReference section */

/* Begin PBXFrameworksBuildPhase section */
		BE62D5C61DF8DAFD004510A5 /* Frameworks */ = {
			isa = PBXFrameworksBuildPhase;
			buildActionMask = 2147483647;
			files = (
				BE62E1971DF90F44004510A5 /* SDWebImage.framework in Frameworks */,
				BE62E1961DF90F3E004510A5 /* MBProgressHUD.framework in Frameworks */,
				BE62E1951DF90F37004510A5 /* JSONModel.framework in Frameworks */,
				BE62E1941DF90F31004510A5 /* IQKeyboardManager.framework in Frameworks */,
				BE62E1931DF90F2B004510A5 /* FMDB.framework in Frameworks */,
				BE62E1921DF90F25004510A5 /* AFNetworking.framework in Frameworks */,
			);
			runOnlyForDeploymentPostprocessing = 0;
		};
		BE62D5D01DF8DAFD004510A5 /* Frameworks */ = {
			isa = PBXFrameworksBuildPhase;
			buildActionMask = 2147483647;
			files = (
				BE62D5D41DF8DAFD004510A5 /* JHKit.framework in Frameworks */,
			);
			runOnlyForDeploymentPostprocessing = 0;
		};
/* End PBXFrameworksBuildPhase section */

/* Begin PBXGroup section */
		BE62D5C01DF8DAFD004510A5 = {
			isa = PBXGroup;
			children = (
				BE62E1A21DF912AC004510A5 /* Libraries */,
				BE62DA201DF90ED3004510A5 /* Submodules */,
				BE62D5CC1DF8DAFD004510A5 /* JHKit */,
				BE62D5D71DF8DAFD004510A5 /* JHKitTests */,
				BE62D5CB1DF8DAFD004510A5 /* Products */,
			);
			sourceTree = "<group>";
		};
		BE62D5CB1DF8DAFD004510A5 /* Products */ = {
			isa = PBXGroup;
			children = (
				BE62D5CA1DF8DAFD004510A5 /* JHKit.framework */,
				BE62D5D31DF8DAFD004510A5 /* JHKitTests.xctest */,
			);
			name = Products;
			sourceTree = "<group>";
		};
		BE62D5CC1DF8DAFD004510A5 /* JHKit */ = {
			isa = PBXGroup;
			children = (
				BE62D5E41DF8DD78004510A5 /* JHKit-Prefix.pch */,
				BE62D5E51DF8DD78004510A5 /* Common */,
				BE62D61B1DF8DD78004510A5 /* Category */,
				BE62D6351DF8DD78004510A5 /* BaseMacro */,
				BE62D5CD1DF8DAFD004510A5 /* JHKit.h */,
				BE62D5CE1DF8DAFD004510A5 /* Info.plist */,
			);
			path = JHKit;
			sourceTree = "<group>";
		};
		BE62D5D71DF8DAFD004510A5 /* JHKitTests */ = {
			isa = PBXGroup;
			children = (
				BE62D5D81DF8DAFD004510A5 /* JHKitTests.m */,
				BE62D5DA1DF8DAFD004510A5 /* Info.plist */,
			);
			path = JHKitTests;
			sourceTree = "<group>";
		};
		BE62D5E51DF8DD78004510A5 /* Common */ = {
			isa = PBXGroup;
			children = (
				BE62D5E61DF8DD78004510A5 /* Base */,
				BE62D5F11DF8DD78004510A5 /* JHBases.h */,
				BE62D5F21DF8DD78004510A5 /* JHWidgets.h */,
				BE62D5F31DF8DD78004510A5 /* Manager */,
				BE62D5FC1DF8DD78004510A5 /* UI */,
			);
			path = Common;
			sourceTree = "<group>";
		};
		BE62D5E61DF8DD78004510A5 /* Base */ = {
			isa = PBXGroup;
			children = (
				BE62D5E71DF8DD78004510A5 /* JHNavigationController.h */,
				BE62D5E81DF8DD78004510A5 /* JHNavigationController.m */,
				BE62D5E91DF8DD78004510A5 /* JHObject.h */,
				BE62D5EA1DF8DD78004510A5 /* JHObject.m */,
				BE62D5EB1DF8DD78004510A5 /* JHRequest.h */,
				BE62D5EC1DF8DD78004510A5 /* JHRequest.m */,
				BE62D5ED1DF8DD78004510A5 /* JHResponse.h */,
				BE62D5EE1DF8DD78004510A5 /* JHResponse.m */,
				BE62D5EF1DF8DD78004510A5 /* JHViewController.h */,
				BE62D5F01DF8DD78004510A5 /* JHViewController.m */,
			);
			path = Base;
			sourceTree = "<group>";
		};
		BE62D5F31DF8DD78004510A5 /* Manager */ = {
			isa = PBXGroup;
			children = (
				BE62D5F41DF8DD78004510A5 /* JHAddressBookReader.h */,
				BE62D5F51DF8DD78004510A5 /* JHAddressBookReader.m */,
				BE62D5F61DF8DD78004510A5 /* JHContact.h */,
				BE62D5F71DF8DD78004510A5 /* JHContact.m */,
				BE62D5F81DF8DD78004510A5 /* JHLocalSettings.h */,
				BE62D5F91DF8DD78004510A5 /* JHLocalSettings.m */,
				BE62D5FA1DF8DD78004510A5 /* JHNetworkManager.h */,
				BE62D5FB1DF8DD78004510A5 /* JHNetworkManager.m */,
			);
			path = Manager;
			sourceTree = "<group>";
		};
		BE62D5FC1DF8DD78004510A5 /* UI */ = {
			isa = PBXGroup;
			children = (
				BE62D5FD1DF8DD78004510A5 /* JHActionSheet.h */,
				BE62D5FE1DF8DD78004510A5 /* JHActionSheet.m */,
				BE62D5FF1DF8DD78004510A5 /* JHAlert.h */,
				BE62D6001DF8DD78004510A5 /* JHAlert.m */,
				BE62D6011DF8DD78004510A5 /* JHBadgeView.h */,
				BE62D6021DF8DD78004510A5 /* JHBadgeView.m */,
				BE62D6031DF8DD78004510A5 /* JHButton.h */,
				BE62D6041DF8DD78004510A5 /* JHButton.m */,
				BE62D6051DF8DD78004510A5 /* JHCollectionView.h */,
				BE62D6061DF8DD78004510A5 /* JHCollectionView.m */,
				BE62D6071DF8DD78004510A5 /* JHCollectionViewCell.h */,
				BE62D6081DF8DD78004510A5 /* JHCollectionViewCell.m */,
				BE62D6091DF8DD78004510A5 /* JHImageView.h */,
				BE62D60A1DF8DD78004510A5 /* JHImageView.m */,
				BE62D60B1DF8DD78004510A5 /* JHLabel.h */,
				BE62D60C1DF8DD78004510A5 /* JHLabel.m */,
				BE62D60D1DF8DD78004510A5 /* JHPopoverView.h */,
				BE62D60E1DF8DD78004510A5 /* JHPopoverView.m */,
				BE62D60F1DF8DD78004510A5 /* JHShakingView.h */,
				BE62D6101DF8DD78004510A5 /* JHShakingView.m */,
				BE62D6111DF8DD78004510A5 /* JHTableView.h */,
				BE62D6121DF8DD78004510A5 /* JHTableView.m */,
				BE62D6131DF8DD78004510A5 /* JHTableViewCell.h */,
				BE62D6141DF8DD78004510A5 /* JHTableViewCell.m */,
				BE62D6151DF8DD78004510A5 /* JHTextField.h */,
				BE62D6161DF8DD78004510A5 /* JHTextField.m */,
				BE62D6171DF8DD78004510A5 /* JHTextView.h */,
				BE62D6181DF8DD78004510A5 /* JHTextView.m */,
				BE62D6191DF8DD78004510A5 /* JHView.h */,
				BE62D61A1DF8DD78004510A5 /* JHView.m */,
				BEB2D9631DFBF2AA00F2E74B /* JHScrollView.h */,
				BEB2D9641DFBF2AA00F2E74B /* JHScrollView.m */,
			);
			path = UI;
			sourceTree = "<group>";
		};
		BE62D61B1DF8DD78004510A5 /* Category */ = {
			isa = PBXGroup;
			children = (
				BE62D61C1DF8DD78004510A5 /* JHCategorys.h */,
				BE62D61D1DF8DD78004510A5 /* NS */,
				BE62D6281DF8DD78004510A5 /* UI */,
			);
			path = Category;
			sourceTree = "<group>";
		};
		BE62D61D1DF8DD78004510A5 /* NS */ = {
			isa = PBXGroup;
			children = (
				BE62D61E1DF8DD78004510A5 /* NSArray+JHKit.h */,
				BE62D61F1DF8DD78004510A5 /* NSArray+JHKit.m */,
				BE62D6201DF8DD78004510A5 /* NSData+JHKit.h */,
				BE62D6211DF8DD78004510A5 /* NSData+JHKit.m */,
				BE62D6221DF8DD78004510A5 /* NSDate+JHKit.h */,
				BE62D6231DF8DD78004510A5 /* NSDate+JHKit.m */,
				BE62D6241DF8DD78004510A5 /* NSObject+JHKit.h */,
				BE62D6251DF8DD78004510A5 /* NSObject+JHKit.m */,
				BE62D6261DF8DD78004510A5 /* NSString+JHKit.h */,
				BE62D6271DF8DD78004510A5 /* NSString+JHKit.m */,
			);
			path = NS;
			sourceTree = "<group>";
		};
		BE62D6281DF8DD78004510A5 /* UI */ = {
			isa = PBXGroup;
			children = (
				BE62D6291DF8DD78004510A5 /* UIColor+JHKit.h */,
				BE62D62A1DF8DD78004510A5 /* UIColor+JHKit.m */,
				BE62D62B1DF8DD78004510A5 /* UIImage+JHKit.h */,
				BE62D62C1DF8DD78004510A5 /* UIImage+JHKit.m */,
				BE62D62D1DF8DD78004510A5 /* UIImageView+JHKit.h */,
				BE62D62E1DF8DD78004510A5 /* UIImageView+JHKit.m */,
				BE62D62F1DF8DD78004510A5 /* UIScrollView+JHKit.h */,
				BE62D6301DF8DD78004510A5 /* UIScrollView+JHKit.m */,
				BE62D6311DF8DD78004510A5 /* UIView+JHKit.h */,
				BE62D6321DF8DD78004510A5 /* UIView+JHKit.m */,
				BE62D6331DF8DD78004510A5 /* UIViewController+JHKit.h */,
				BE62D6341DF8DD78004510A5 /* UIViewController+JHKit.m */,
				BEB2D92D1DFBE75500F2E74B /* UIButton+JHKit.h */,
				BEB2D92E1DFBE75500F2E74B /* UIButton+JHKit.m */,
			);
			path = UI;
			sourceTree = "<group>";
		};
		BE62D6351DF8DD78004510A5 /* BaseMacro */ = {
			isa = PBXGroup;
			children = (
				BE62D6361DF8DD78004510A5 /* Constants */,
				BE62D6421DF8DD78004510A5 /* JHMacro.h */,
				BE62D6431DF8DD78004510A5 /* Type */,
			);
			path = BaseMacro;
			sourceTree = "<group>";
		};
		BE62D6361DF8DD78004510A5 /* Constants */ = {
			isa = PBXGroup;
			children = (
				BE62D6371DF8DD78004510A5 /* JHConstants.h */,
				BE62D6381DF8DD78004510A5 /* JHConstants_AppInfo.h */,
				BE62D6391DF8DD78004510A5 /* JHConstants_Color.h */,
				BE62D63A1DF8DD78004510A5 /* JHConstants_Device.h */,
				BE62D63B1DF8DD78004510A5 /* JHConstants_Font.h */,
				BE62D63C1DF8DD78004510A5 /* JHConstants_Localize.h */,
				BE62D63D1DF8DD78004510A5 /* JHConstants_Log.h */,
				BE62D63E1DF8DD78004510A5 /* JHConstants_Math.h */,
				BE62D63F1DF8DD78004510A5 /* JHConstants_Notification.h */,
				BE62D6401DF8DD78004510A5 /* JHConstants_OpenUrl.h */,
				BE62D6411DF8DD78004510A5 /* JHConstants_Version.h */,
			);
			path = Constants;
			sourceTree = "<group>";
		};
		BE62D6431DF8DD78004510A5 /* Type */ = {
			isa = PBXGroup;
			children = (
				BE62D6441DF8DD78004510A5 /* JHClassType.h */,
				BE62D6451DF8DD78004510A5 /* JHDataType.h */,
				BE62D6461DF8DD78004510A5 /* JHEnumType.h */,
				BE62D6471DF8DD78004510A5 /* JHStructType.h */,
			);
			path = Type;
			sourceTree = "<group>";
		};
		BE62DA201DF90ED3004510A5 /* Submodules */ = {
			isa = PBXGroup;
			children = (
				BE62E4E11DF95EF1004510A5 /* SDVersion */,
				BE62E17A1DF90F14004510A5 /* AFNetworking.xcodeproj */,
				BE62E1651DF90F0D004510A5 /* fmdb.xcodeproj */,
				BE62E15C1DF90F06004510A5 /* IQKeyboardManager.xcodeproj */,
				BE62E1561DF90EFD004510A5 /* JSONModel.xcodeproj */,
				BE62E14D1DF90EF3004510A5 /* MBProgressHUD.xcodeproj */,
				BE62E1381DF90EEC004510A5 /* SDWebImage.xcodeproj */,
			);
			path = Submodules;
			sourceTree = "<group>";
		};
		BE62E1391DF90EEC004510A5 /* Products */ = {
			isa = PBXGroup;
			children = (
				BE62E1421DF90EEC004510A5 /* libSDWebImage iOS static.a */,
				BE62E1441DF90EEC004510A5 /* libSDWebImage watchOS static.a */,
				BE62E1461DF90EEC004510A5 /* SDWebImage.framework */,
				BE62E1481DF90EEC004510A5 /* SDWebImage.framework */,
				BE62E14A1DF90EEC004510A5 /* SDWebImage.framework */,
				BE62E14C1DF90EEC004510A5 /* SDWebImage.framework */,
			);
			name = Products;
			sourceTree = "<group>";
		};
		BE62E14E1DF90EF3004510A5 /* Products */ = {
			isa = PBXGroup;
			children = (
				BE62E1531DF90EF3004510A5 /* libMBProgressHUD.a */,
				BE62E1551DF90EF3004510A5 /* MBProgressHUD.framework */,
			);
			name = Products;
			sourceTree = "<group>";
		};
		BE62E1571DF90EFD004510A5 /* Products */ = {
			isa = PBXGroup;
			children = (
				BE62E15B1DF90EFD004510A5 /* JSONModel.framework */,
			);
			name = Products;
			sourceTree = "<group>";
		};
		BE62E15D1DF90F06004510A5 /* Products */ = {
			isa = PBXGroup;
			children = (
				BE62E1621DF90F06004510A5 /* IQKeyboardManager.framework */,
				BE62E1641DF90F06004510A5 /* IQKeyboardManagerSwift.framework */,
			);
			name = Products;
			sourceTree = "<group>";
		};
		BE62E1661DF90F0D004510A5 /* Products */ = {
			isa = PBXGroup;
			children = (
				BE62E16F1DF90F0D004510A5 /* fmdb */,
				BE62E1711DF90F0D004510A5 /* libFMDB.a */,
				BE62E1731DF90F0D004510A5 /* Tests.xctest */,
				BE62E1751DF90F0D004510A5 /* libFMDB-IOS.a */,
				BE62E1771DF90F0D004510A5 /* FMDB.framework */,
				BE62E1791DF90F0D004510A5 /* FMDB.framework */,
			);
			name = Products;
			sourceTree = "<group>";
		};
		BE62E17B1DF90F14004510A5 /* Products */ = {
			isa = PBXGroup;
			children = (
				BE62E1851DF90F14004510A5 /* AFNetworking.framework */,
				BE62E1871DF90F14004510A5 /* AFNetworking.framework */,
				BE62E1891DF90F14004510A5 /* AFNetworking.framework */,
				BE62E18B1DF90F14004510A5 /* AFNetworking.framework */,
				BE62E18D1DF90F14004510A5 /* AFNetworking iOS Tests.xctest */,
				BE62E18F1DF90F14004510A5 /* AFNetworking Mac OS X Tests.xctest */,
				BE62E1911DF90F14004510A5 /* AFNetworking tvOS Tests.xctest */,
			);
			name = Products;
			sourceTree = "<group>";
		};
		BE62E1A21DF912AC004510A5 /* Libraries */ = {
			isa = PBXGroup;
			children = (
				BE62E1A31DF912AC004510A5 /* TWRefresh */,
			);
			path = Libraries;
			sourceTree = "<group>";
		};
		BE62E1A31DF912AC004510A5 /* TWRefresh */ = {
			isa = PBXGroup;
			children = (
				BE62E1A41DF912AC004510A5 /* Base */,
				BE62E1AA1DF912AC004510A5 /* Implements */,
				BE62E1B01DF912AC004510A5 /* Indicators */,
			);
			path = TWRefresh;
			sourceTree = "<group>";
		};
		BE62E1A41DF912AC004510A5 /* Base */ = {
			isa = PBXGroup;
			children = (
				BE62E1A51DF912AC004510A5 /* TWRefreshIndicator.h */,
				BE62E1A61DF912AC004510A5 /* TWRefreshView.h */,
				BE62E1A71DF912AC004510A5 /* TWRefreshView.m */,
				BE62E1A81DF912AC004510A5 /* UIScrollView+TWRefresh.h */,
				BE62E1A91DF912AC004510A5 /* UIScrollView+TWRefresh.m */,
			);
			path = Base;
			sourceTree = "<group>";
		};
		BE62E1AA1DF912AC004510A5 /* Implements */ = {
			isa = PBXGroup;
			children = (
				BE62E1AB1DF912AC004510A5 /* TWRefresh.h */,
				BE62E1AC1DF912AC004510A5 /* TWRefreshCollectionView.h */,
				BE62E1AD1DF912AC004510A5 /* TWRefreshCollectionView.m */,
				BE62E1AE1DF912AC004510A5 /* TWRefreshTableView.h */,
				BE62E1AF1DF912AC004510A5 /* TWRefreshTableView.m */,
			);
			path = Implements;
			sourceTree = "<group>";
		};
		BE62E1B01DF912AC004510A5 /* Indicators */ = {
			isa = PBXGroup;
			children = (
				BE62E1B11DF912AC004510A5 /* centerIcon@2x.png */,
				BE62E1B21DF912AC004510A5 /* TWRefreshIndicatorView.h */,
				BE62E1B31DF912AC004510A5 /* TWRefreshIndicatorView.m */,
			);
			path = Indicators;
			sourceTree = "<group>";
		};
		BE62E4E11DF95EF1004510A5 /* SDVersion */ = {
			isa = PBXGroup;
			children = (
				BE62E5A51DF95F09004510A5 /* SDVersion.h */,
				BE62E5A61DF95F09004510A5 /* SDiOSVersion */,
			);
			path = SDVersion;
			sourceTree = "<group>";
		};
		BE62E5A61DF95F09004510A5 /* SDiOSVersion */ = {
			isa = PBXGroup;
			children = (
				BE62E5A71DF95F09004510A5 /* SDiOSVersion.h */,
				BE62E5A81DF95F09004510A5 /* SDiOSVersion.m */,
			);
			name = SDiOSVersion;
			path = SDVersion/SDiOSVersion;
			sourceTree = "<group>";
		};
/* End PBXGroup section */

/* Begin PBXHeadersBuildPhase section */
		BE62D5C71DF8DAFD004510A5 /* Headers */ = {
			isa = PBXHeadersBuildPhase;
			buildActionMask = 2147483647;
			files = (
				BE62D6991DF8DD78004510A5 /* JHConstants_Math.h in Headers */,
				BE62E1B71DF912AC004510A5 /* UIScrollView+TWRefresh.h in Headers */,
				BE62D6981DF8DD78004510A5 /* JHConstants_Log.h in Headers */,
				BE62E1BF1DF912AC004510A5 /* TWRefreshIndicatorView.h in Headers */,
				BE62E1B91DF912AC004510A5 /* TWRefresh.h in Headers */,
				BE62D67E1DF8DD78004510A5 /* NSData+JHKit.h in Headers */,
				BE62D68A1DF8DD78004510A5 /* UIImageView+JHKit.h in Headers */,
				BE62D69B1DF8DD78004510A5 /* JHConstants_OpenUrl.h in Headers */,
				BE62D6671DF8DD78004510A5 /* JHCollectionViewCell.h in Headers */,
				BE62D69F1DF8DD78004510A5 /* JHDataType.h in Headers */,
				BE62E1BC1DF912AC004510A5 /* TWRefreshTableView.h in Headers */,
				BE62D66F1DF8DD78004510A5 /* JHShakingView.h in Headers */,
				BEB2D9651DFBF2AA00F2E74B /* JHScrollView.h in Headers */,
				BE62D6881DF8DD78004510A5 /* UIImage+JHKit.h in Headers */,
				BE62D6731DF8DD78004510A5 /* JHTableViewCell.h in Headers */,
				BE62D6491DF8DD78004510A5 /* JHNavigationController.h in Headers */,
				BE62D6591DF8DD78004510A5 /* JHLocalSettings.h in Headers */,
				BE62D6901DF8DD78004510A5 /* UIViewController+JHKit.h in Headers */,
				BE62D65D1DF8DD78004510A5 /* JHActionSheet.h in Headers */,
				BE62D69E1DF8DD78004510A5 /* JHClassType.h in Headers */,
				BE62D6841DF8DD78004510A5 /* NSString+JHKit.h in Headers */,
				BE62D67C1DF8DD78004510A5 /* NSArray+JHKit.h in Headers */,
				BE62D68E1DF8DD78004510A5 /* UIView+JHKit.h in Headers */,
				BE62D6801DF8DD78004510A5 /* NSDate+JHKit.h in Headers */,
				BE62D6611DF8DD78004510A5 /* JHBadgeView.h in Headers */,
				BE62D68C1DF8DD78004510A5 /* UIScrollView+JHKit.h in Headers */,
				BE62E1BA1DF912AC004510A5 /* TWRefreshCollectionView.h in Headers */,
				BE62D67B1DF8DD78004510A5 /* JHCategorys.h in Headers */,
				BE62D6791DF8DD78004510A5 /* JHView.h in Headers */,
				BE62D66D1DF8DD78004510A5 /* JHPopoverView.h in Headers */,
				BE62D66B1DF8DD78004510A5 /* JHLabel.h in Headers */,
				BE62E5A91DF95F09004510A5 /* SDVersion.h in Headers */,
				BE62D69A1DF8DD78004510A5 /* JHConstants_Notification.h in Headers */,
				BE62D6921DF8DD78004510A5 /* JHConstants.h in Headers */,
				BE62D64D1DF8DD78004510A5 /* JHRequest.h in Headers */,
				BE62E1B51DF912AC004510A5 /* TWRefreshView.h in Headers */,
				BE62D69C1DF8DD78004510A5 /* JHConstants_Version.h in Headers */,
				BE62D6A01DF8DD78004510A5 /* JHEnumType.h in Headers */,
				BE62D6751DF8DD78004510A5 /* JHTextField.h in Headers */,
				BE62D6651DF8DD78004510A5 /* JHCollectionView.h in Headers */,
				BE62D6571DF8DD78004510A5 /* JHContact.h in Headers */,
				BE62D6511DF8DD78004510A5 /* JHViewController.h in Headers */,
				BE62D6941DF8DD78004510A5 /* JHConstants_Color.h in Headers */,
				BE62D6541DF8DD78004510A5 /* JHWidgets.h in Headers */,
				BEB2D92F1DFBE75500F2E74B /* UIButton+JHKit.h in Headers */,
				BE62D65B1DF8DD78004510A5 /* JHNetworkManager.h in Headers */,
				BE62D6931DF8DD78004510A5 /* JHConstants_AppInfo.h in Headers */,
				BE62D69D1DF8DD78004510A5 /* JHMacro.h in Headers */,
				BE62D6631DF8DD78004510A5 /* JHButton.h in Headers */,
				BE62D6861DF8DD78004510A5 /* UIColor+JHKit.h in Headers */,
				BE62D65F1DF8DD78004510A5 /* JHAlert.h in Headers */,
				BE62D6711DF8DD78004510A5 /* JHTableView.h in Headers */,
				BE62D6771DF8DD78004510A5 /* JHTextView.h in Headers */,
				BE62D6971DF8DD78004510A5 /* JHConstants_Localize.h in Headers */,
				BE62D64B1DF8DD78004510A5 /* JHObject.h in Headers */,
				BE62E1B41DF912AC004510A5 /* TWRefreshIndicator.h in Headers */,
				BE62E5AA1DF95F09004510A5 /* SDiOSVersion.h in Headers */,
				BE62D6551DF8DD78004510A5 /* JHAddressBookReader.h in Headers */,
				BE62D64F1DF8DD78004510A5 /* JHResponse.h in Headers */,
				BE62D6481DF8DD78004510A5 /* JHKit-Prefix.pch in Headers */,
				BE62D6961DF8DD78004510A5 /* JHConstants_Font.h in Headers */,
				BE62D5DB1DF8DAFD004510A5 /* JHKit.h in Headers */,
				BE62D6951DF8DD78004510A5 /* JHConstants_Device.h in Headers */,
				BE62D6531DF8DD78004510A5 /* JHBases.h in Headers */,
				BE62D6A11DF8DD78004510A5 /* JHStructType.h in Headers */,
				BE62D6821DF8DD78004510A5 /* NSObject+JHKit.h in Headers */,
				BE62D6691DF8DD78004510A5 /* JHImageView.h in Headers */,
			);
			runOnlyForDeploymentPostprocessing = 0;
		};
/* End PBXHeadersBuildPhase section */

/* Begin PBXNativeTarget section */
		BE62D5C91DF8DAFD004510A5 /* JHKit */ = {
			isa = PBXNativeTarget;
			buildConfigurationList = BE62D5DE1DF8DAFD004510A5 /* Build configuration list for PBXNativeTarget "JHKit" */;
			buildPhases = (
				BE62D5C51DF8DAFD004510A5 /* Sources */,
				BE62D5C61DF8DAFD004510A5 /* Frameworks */,
				BE62D5C71DF8DAFD004510A5 /* Headers */,
				BE62D5C81DF8DAFD004510A5 /* Resources */,
			);
			buildRules = (
			);
			dependencies = (
			);
			name = JHKit;
			productName = JHKit;
			productReference = BE62D5CA1DF8DAFD004510A5 /* JHKit.framework */;
			productType = "com.apple.product-type.framework";
		};
		BE62D5D21DF8DAFD004510A5 /* JHKitTests */ = {
			isa = PBXNativeTarget;
			buildConfigurationList = BE62D5E11DF8DAFD004510A5 /* Build configuration list for PBXNativeTarget "JHKitTests" */;
			buildPhases = (
				BE62D5CF1DF8DAFD004510A5 /* Sources */,
				BE62D5D01DF8DAFD004510A5 /* Frameworks */,
				BE62D5D11DF8DAFD004510A5 /* Resources */,
			);
			buildRules = (
			);
			dependencies = (
				BE62D5D61DF8DAFD004510A5 /* PBXTargetDependency */,
			);
			name = JHKitTests;
			productName = JHKitTests;
			productReference = BE62D5D31DF8DAFD004510A5 /* JHKitTests.xctest */;
			productType = "com.apple.product-type.bundle.unit-test";
		};
/* End PBXNativeTarget section */

/* Begin PBXProject section */
		BE62D5C11DF8DAFD004510A5 /* Project object */ = {
			isa = PBXProject;
			attributes = {
				LastUpgradeCheck = 0810;
				ORGANIZATIONNAME = weygo.com;
				TargetAttributes = {
					BE62D5C91DF8DAFD004510A5 = {
						CreatedOnToolsVersion = 8.1;
						DevelopmentTeam = J2R863TVVR;
						ProvisioningStyle = Automatic;
					};
					BE62D5D21DF8DAFD004510A5 = {
						CreatedOnToolsVersion = 8.1;
						DevelopmentTeam = J2R863TVVR;
						ProvisioningStyle = Automatic;
					};
				};
			};
			buildConfigurationList = BE62D5C41DF8DAFD004510A5 /* Build configuration list for PBXProject "JHKit" */;
			compatibilityVersion = "Xcode 3.2";
			developmentRegion = English;
			hasScannedForEncodings = 0;
			knownRegions = (
				en,
				Base,
				es,
			);
			mainGroup = BE62D5C01DF8DAFD004510A5;
			productRefGroup = BE62D5CB1DF8DAFD004510A5 /* Products */;
			projectDirPath = "";
			projectReferences = (
				{
					ProductGroup = BE62E17B1DF90F14004510A5 /* Products */;
					ProjectRef = BE62E17A1DF90F14004510A5 /* AFNetworking.xcodeproj */;
				},
				{
					ProductGroup = BE62E1661DF90F0D004510A5 /* Products */;
					ProjectRef = BE62E1651DF90F0D004510A5 /* fmdb.xcodeproj */;
				},
				{
					ProductGroup = BE62E15D1DF90F06004510A5 /* Products */;
					ProjectRef = BE62E15C1DF90F06004510A5 /* IQKeyboardManager.xcodeproj */;
				},
				{
					ProductGroup = BE62E1571DF90EFD004510A5 /* Products */;
					ProjectRef = BE62E1561DF90EFD004510A5 /* JSONModel.xcodeproj */;
				},
				{
					ProductGroup = BE62E14E1DF90EF3004510A5 /* Products */;
					ProjectRef = BE62E14D1DF90EF3004510A5 /* MBProgressHUD.xcodeproj */;
				},
				{
					ProductGroup = BE62E1391DF90EEC004510A5 /* Products */;
					ProjectRef = BE62E1381DF90EEC004510A5 /* SDWebImage.xcodeproj */;
				},
			);
			projectRoot = "";
			targets = (
				BE62D5C91DF8DAFD004510A5 /* JHKit */,
				BE62D5D21DF8DAFD004510A5 /* JHKitTests */,
			);
		};
/* End PBXProject section */

/* Begin PBXReferenceProxy section */
		BE62E1421DF90EEC004510A5 /* libSDWebImage iOS static.a */ = {
			isa = PBXReferenceProxy;
			fileType = archive.ar;
			path = "libSDWebImage iOS static.a";
			remoteRef = BE62E1411DF90EEC004510A5 /* PBXContainerItemProxy */;
			sourceTree = BUILT_PRODUCTS_DIR;
		};
		BE62E1441DF90EEC004510A5 /* libSDWebImage watchOS static.a */ = {
			isa = PBXReferenceProxy;
			fileType = archive.ar;
			path = "libSDWebImage watchOS static.a";
			remoteRef = BE62E1431DF90EEC004510A5 /* PBXContainerItemProxy */;
			sourceTree = BUILT_PRODUCTS_DIR;
		};
		BE62E1461DF90EEC004510A5 /* SDWebImage.framework */ = {
			isa = PBXReferenceProxy;
			fileType = wrapper.framework;
			path = SDWebImage.framework;
			remoteRef = BE62E1451DF90EEC004510A5 /* PBXContainerItemProxy */;
			sourceTree = BUILT_PRODUCTS_DIR;
		};
		BE62E1481DF90EEC004510A5 /* SDWebImage.framework */ = {
			isa = PBXReferenceProxy;
			fileType = wrapper.framework;
			path = SDWebImage.framework;
			remoteRef = BE62E1471DF90EEC004510A5 /* PBXContainerItemProxy */;
			sourceTree = BUILT_PRODUCTS_DIR;
		};
		BE62E14A1DF90EEC004510A5 /* SDWebImage.framework */ = {
			isa = PBXReferenceProxy;
			fileType = wrapper.framework;
			path = SDWebImage.framework;
			remoteRef = BE62E1491DF90EEC004510A5 /* PBXContainerItemProxy */;
			sourceTree = BUILT_PRODUCTS_DIR;
		};
		BE62E14C1DF90EEC004510A5 /* SDWebImage.framework */ = {
			isa = PBXReferenceProxy;
			fileType = wrapper.framework;
			path = SDWebImage.framework;
			remoteRef = BE62E14B1DF90EEC004510A5 /* PBXContainerItemProxy */;
			sourceTree = BUILT_PRODUCTS_DIR;
		};
		BE62E1531DF90EF3004510A5 /* libMBProgressHUD.a */ = {
			isa = PBXReferenceProxy;
			fileType = archive.ar;
			path = libMBProgressHUD.a;
			remoteRef = BE62E1521DF90EF3004510A5 /* PBXContainerItemProxy */;
			sourceTree = BUILT_PRODUCTS_DIR;
		};
		BE62E1551DF90EF3004510A5 /* MBProgressHUD.framework */ = {
			isa = PBXReferenceProxy;
			fileType = wrapper.framework;
			path = MBProgressHUD.framework;
			remoteRef = BE62E1541DF90EF3004510A5 /* PBXContainerItemProxy */;
			sourceTree = BUILT_PRODUCTS_DIR;
		};
		BE62E15B1DF90EFD004510A5 /* JSONModel.framework */ = {
			isa = PBXReferenceProxy;
			fileType = wrapper.framework;
			path = JSONModel.framework;
			remoteRef = BE62E15A1DF90EFD004510A5 /* PBXContainerItemProxy */;
			sourceTree = BUILT_PRODUCTS_DIR;
		};
		BE62E1621DF90F06004510A5 /* IQKeyboardManager.framework */ = {
			isa = PBXReferenceProxy;
			fileType = wrapper.framework;
			path = IQKeyboardManager.framework;
			remoteRef = BE62E1611DF90F06004510A5 /* PBXContainerItemProxy */;
			sourceTree = BUILT_PRODUCTS_DIR;
		};
		BE62E1641DF90F06004510A5 /* IQKeyboardManagerSwift.framework */ = {
			isa = PBXReferenceProxy;
			fileType = wrapper.framework;
			path = IQKeyboardManagerSwift.framework;
			remoteRef = BE62E1631DF90F06004510A5 /* PBXContainerItemProxy */;
			sourceTree = BUILT_PRODUCTS_DIR;
		};
		BE62E16F1DF90F0D004510A5 /* fmdb */ = {
			isa = PBXReferenceProxy;
			fileType = "compiled.mach-o.executable";
			path = fmdb;
			remoteRef = BE62E16E1DF90F0D004510A5 /* PBXContainerItemProxy */;
			sourceTree = BUILT_PRODUCTS_DIR;
		};
		BE62E1711DF90F0D004510A5 /* libFMDB.a */ = {
			isa = PBXReferenceProxy;
			fileType = archive.ar;
			path = libFMDB.a;
			remoteRef = BE62E1701DF90F0D004510A5 /* PBXContainerItemProxy */;
			sourceTree = BUILT_PRODUCTS_DIR;
		};
		BE62E1731DF90F0D004510A5 /* Tests.xctest */ = {
			isa = PBXReferenceProxy;
			fileType = wrapper.cfbundle;
			path = Tests.xctest;
			remoteRef = BE62E1721DF90F0D004510A5 /* PBXContainerItemProxy */;
			sourceTree = BUILT_PRODUCTS_DIR;
		};
		BE62E1751DF90F0D004510A5 /* libFMDB-IOS.a */ = {
			isa = PBXReferenceProxy;
			fileType = archive.ar;
			path = "libFMDB-IOS.a";
			remoteRef = BE62E1741DF90F0D004510A5 /* PBXContainerItemProxy */;
			sourceTree = BUILT_PRODUCTS_DIR;
		};
		BE62E1771DF90F0D004510A5 /* FMDB.framework */ = {
			isa = PBXReferenceProxy;
			fileType = wrapper.framework;
			path = FMDB.framework;
			remoteRef = BE62E1761DF90F0D004510A5 /* PBXContainerItemProxy */;
			sourceTree = BUILT_PRODUCTS_DIR;
		};
		BE62E1791DF90F0D004510A5 /* FMDB.framework */ = {
			isa = PBXReferenceProxy;
			fileType = wrapper.framework;
			path = FMDB.framework;
			remoteRef = BE62E1781DF90F0D004510A5 /* PBXContainerItemProxy */;
			sourceTree = BUILT_PRODUCTS_DIR;
		};
		BE62E1851DF90F14004510A5 /* AFNetworking.framework */ = {
			isa = PBXReferenceProxy;
			fileType = wrapper.framework;
			path = AFNetworking.framework;
			remoteRef = BE62E1841DF90F14004510A5 /* PBXContainerItemProxy */;
			sourceTree = BUILT_PRODUCTS_DIR;
		};
		BE62E1871DF90F14004510A5 /* AFNetworking.framework */ = {
			isa = PBXReferenceProxy;
			fileType = wrapper.framework;
			path = AFNetworking.framework;
			remoteRef = BE62E1861DF90F14004510A5 /* PBXContainerItemProxy */;
			sourceTree = BUILT_PRODUCTS_DIR;
		};
		BE62E1891DF90F14004510A5 /* AFNetworking.framework */ = {
			isa = PBXReferenceProxy;
			fileType = wrapper.framework;
			path = AFNetworking.framework;
			remoteRef = BE62E1881DF90F14004510A5 /* PBXContainerItemProxy */;
			sourceTree = BUILT_PRODUCTS_DIR;
		};
		BE62E18B1DF90F14004510A5 /* AFNetworking.framework */ = {
			isa = PBXReferenceProxy;
			fileType = wrapper.framework;
			path = AFNetworking.framework;
			remoteRef = BE62E18A1DF90F14004510A5 /* PBXContainerItemProxy */;
			sourceTree = BUILT_PRODUCTS_DIR;
		};
		BE62E18D1DF90F14004510A5 /* AFNetworking iOS Tests.xctest */ = {
			isa = PBXReferenceProxy;
			fileType = wrapper.cfbundle;
			path = "AFNetworking iOS Tests.xctest";
			remoteRef = BE62E18C1DF90F14004510A5 /* PBXContainerItemProxy */;
			sourceTree = BUILT_PRODUCTS_DIR;
		};
		BE62E18F1DF90F14004510A5 /* AFNetworking Mac OS X Tests.xctest */ = {
			isa = PBXReferenceProxy;
			fileType = wrapper.cfbundle;
			path = "AFNetworking Mac OS X Tests.xctest";
			remoteRef = BE62E18E1DF90F14004510A5 /* PBXContainerItemProxy */;
			sourceTree = BUILT_PRODUCTS_DIR;
		};
		BE62E1911DF90F14004510A5 /* AFNetworking tvOS Tests.xctest */ = {
			isa = PBXReferenceProxy;
			fileType = wrapper.cfbundle;
			path = "AFNetworking tvOS Tests.xctest";
			remoteRef = BE62E1901DF90F14004510A5 /* PBXContainerItemProxy */;
			sourceTree = BUILT_PRODUCTS_DIR;
		};
/* End PBXReferenceProxy section */

/* Begin PBXResourcesBuildPhase section */
		BE62D5C81DF8DAFD004510A5 /* Resources */ = {
			isa = PBXResourcesBuildPhase;
			buildActionMask = 2147483647;
			files = (
				BE62E1BE1DF912AC004510A5 /* centerIcon@2x.png in Resources */,
			);
			runOnlyForDeploymentPostprocessing = 0;
		};
		BE62D5D11DF8DAFD004510A5 /* Resources */ = {
			isa = PBXResourcesBuildPhase;
			buildActionMask = 2147483647;
			files = (
			);
			runOnlyForDeploymentPostprocessing = 0;
		};
/* End PBXResourcesBuildPhase section */

/* Begin PBXSourcesBuildPhase section */
		BE62D5C51DF8DAFD004510A5 /* Sources */ = {
			isa = PBXSourcesBuildPhase;
			buildActionMask = 2147483647;
			files = (
				BEB2D9661DFBF2AA00F2E74B /* JHScrollView.m in Sources */,
				BE62E1B81DF912AC004510A5 /* UIScrollView+TWRefresh.m in Sources */,
				BE62E1BB1DF912AC004510A5 /* TWRefreshCollectionView.m in Sources */,
				BE62D66E1DF8DD78004510A5 /* JHPopoverView.m in Sources */,
				BE62D6891DF8DD78004510A5 /* UIImage+JHKit.m in Sources */,
				BE62E1BD1DF912AC004510A5 /* TWRefreshTableView.m in Sources */,
				BE62D6681DF8DD78004510A5 /* JHCollectionViewCell.m in Sources */,
				BE62D6701DF8DD78004510A5 /* JHShakingView.m in Sources */,
				BE62D67F1DF8DD78004510A5 /* NSData+JHKit.m in Sources */,
				BE62D6661DF8DD78004510A5 /* JHCollectionView.m in Sources */,
				BE62D6561DF8DD78004510A5 /* JHAddressBookReader.m in Sources */,
				BE62D6501DF8DD78004510A5 /* JHResponse.m in Sources */,
				BE62D65A1DF8DD78004510A5 /* JHLocalSettings.m in Sources */,
				BE62D6831DF8DD78004510A5 /* NSObject+JHKit.m in Sources */,
				BE62D6601DF8DD78004510A5 /* JHAlert.m in Sources */,
				BE62D67A1DF8DD78004510A5 /* JHView.m in Sources */,
				BE62D65E1DF8DD78004510A5 /* JHActionSheet.m in Sources */,
				BE62D6761DF8DD78004510A5 /* JHTextField.m in Sources */,
				BE62D6521DF8DD78004510A5 /* JHViewController.m in Sources */,
				BE62D68B1DF8DD78004510A5 /* UIImageView+JHKit.m in Sources */,
				BE62D66A1DF8DD78004510A5 /* JHImageView.m in Sources */,
				BEB2D9301DFBE75500F2E74B /* UIButton+JHKit.m in Sources */,
				BE62D65C1DF8DD78004510A5 /* JHNetworkManager.m in Sources */,
				BE62D6851DF8DD78004510A5 /* NSString+JHKit.m in Sources */,
				BE62D64C1DF8DD78004510A5 /* JHObject.m in Sources */,
				BE62D6621DF8DD78004510A5 /* JHBadgeView.m in Sources */,
				BE62D6741DF8DD78004510A5 /* JHTableViewCell.m in Sources */,
				BE62D6781DF8DD78004510A5 /* JHTextView.m in Sources */,
				BE62D6911DF8DD78004510A5 /* UIViewController+JHKit.m in Sources */,
				BE62D64E1DF8DD78004510A5 /* JHRequest.m in Sources */,
				BE62E5AB1DF95F09004510A5 /* SDiOSVersion.m in Sources */,
				BE62D66C1DF8DD78004510A5 /* JHLabel.m in Sources */,
				BE62E1C01DF912AC004510A5 /* TWRefreshIndicatorView.m in Sources */,
				BE62D6581DF8DD78004510A5 /* JHContact.m in Sources */,
				BE62D6811DF8DD78004510A5 /* NSDate+JHKit.m in Sources */,
				BE62D67D1DF8DD78004510A5 /* NSArray+JHKit.m in Sources */,
				BE62D6721DF8DD78004510A5 /* JHTableView.m in Sources */,
				BE62D64A1DF8DD78004510A5 /* JHNavigationController.m in Sources */,
				BE62E1B61DF912AC004510A5 /* TWRefreshView.m in Sources */,
				BE62D6871DF8DD78004510A5 /* UIColor+JHKit.m in Sources */,
				BE62D68F1DF8DD78004510A5 /* UIView+JHKit.m in Sources */,
				BE62D68D1DF8DD78004510A5 /* UIScrollView+JHKit.m in Sources */,
				BE62D6641DF8DD78004510A5 /* JHButton.m in Sources */,
			);
			runOnlyForDeploymentPostprocessing = 0;
		};
		BE62D5CF1DF8DAFD004510A5 /* Sources */ = {
			isa = PBXSourcesBuildPhase;
			buildActionMask = 2147483647;
			files = (
				BE62D5D91DF8DAFD004510A5 /* JHKitTests.m in Sources */,
			);
			runOnlyForDeploymentPostprocessing = 0;
		};
/* End PBXSourcesBuildPhase section */

/* Begin PBXTargetDependency section */
		BE62D5D61DF8DAFD004510A5 /* PBXTargetDependency */ = {
			isa = PBXTargetDependency;
			target = BE62D5C91DF8DAFD004510A5 /* JHKit */;
			targetProxy = BE62D5D51DF8DAFD004510A5 /* PBXContainerItemProxy */;
		};
/* End PBXTargetDependency section */

/* Begin XCBuildConfiguration section */
		BE62D5DC1DF8DAFD004510A5 /* Debug */ = {
			isa = XCBuildConfiguration;
			buildSettings = {
				ALWAYS_SEARCH_USER_PATHS = NO;
				CLANG_ANALYZER_NONNULL = YES;
				CLANG_CXX_LANGUAGE_STANDARD = "gnu++0x";
				CLANG_CXX_LIBRARY = "libc++";
				CLANG_ENABLE_MODULES = YES;
				CLANG_ENABLE_OBJC_ARC = YES;
				CLANG_WARN_BOOL_CONVERSION = YES;
				CLANG_WARN_CONSTANT_CONVERSION = YES;
				CLANG_WARN_DIRECT_OBJC_ISA_USAGE = YES_ERROR;
				CLANG_WARN_DOCUMENTATION_COMMENTS = YES;
				CLANG_WARN_EMPTY_BODY = YES;
				CLANG_WARN_ENUM_CONVERSION = YES;
				CLANG_WARN_INFINITE_RECURSION = YES;
				CLANG_WARN_INT_CONVERSION = YES;
				CLANG_WARN_OBJC_ROOT_CLASS = YES_ERROR;
				CLANG_WARN_SUSPICIOUS_MOVES = YES;
				CLANG_WARN_UNREACHABLE_CODE = YES;
				CLANG_WARN__DUPLICATE_METHOD_MATCH = YES;
				"CODE_SIGN_IDENTITY[sdk=iphoneos*]" = "iPhone Developer";
				COPY_PHASE_STRIP = NO;
				CURRENT_PROJECT_VERSION = 1;
				DEBUG_INFORMATION_FORMAT = dwarf;
				ENABLE_STRICT_OBJC_MSGSEND = YES;
				ENABLE_TESTABILITY = YES;
				GCC_C_LANGUAGE_STANDARD = gnu99;
				GCC_DYNAMIC_NO_PIC = NO;
				GCC_NO_COMMON_BLOCKS = YES;
				GCC_OPTIMIZATION_LEVEL = 0;
				GCC_PREPROCESSOR_DEFINITIONS = (
					"DEBUG=1",
					"$(inherited)",
				);
				GCC_WARN_64_TO_32_BIT_CONVERSION = YES;
				GCC_WARN_ABOUT_RETURN_TYPE = YES_ERROR;
				GCC_WARN_UNDECLARED_SELECTOR = YES;
				GCC_WARN_UNINITIALIZED_AUTOS = YES_AGGRESSIVE;
				GCC_WARN_UNUSED_FUNCTION = YES;
				GCC_WARN_UNUSED_VARIABLE = YES;
				IPHONEOS_DEPLOYMENT_TARGET = 10.1;
				MTL_ENABLE_DEBUG_INFO = YES;
				ONLY_ACTIVE_ARCH = YES;
				SDKROOT = iphoneos;
				TARGETED_DEVICE_FAMILY = "1,2";
				VERSIONING_SYSTEM = "apple-generic";
				VERSION_INFO_PREFIX = "";
			};
			name = Debug;
		};
		BE62D5DD1DF8DAFD004510A5 /* Release */ = {
			isa = XCBuildConfiguration;
			buildSettings = {
				ALWAYS_SEARCH_USER_PATHS = NO;
				CLANG_ANALYZER_NONNULL = YES;
				CLANG_CXX_LANGUAGE_STANDARD = "gnu++0x";
				CLANG_CXX_LIBRARY = "libc++";
				CLANG_ENABLE_MODULES = YES;
				CLANG_ENABLE_OBJC_ARC = YES;
				CLANG_WARN_BOOL_CONVERSION = YES;
				CLANG_WARN_CONSTANT_CONVERSION = YES;
				CLANG_WARN_DIRECT_OBJC_ISA_USAGE = YES_ERROR;
				CLANG_WARN_DOCUMENTATION_COMMENTS = YES;
				CLANG_WARN_EMPTY_BODY = YES;
				CLANG_WARN_ENUM_CONVERSION = YES;
				CLANG_WARN_INFINITE_RECURSION = YES;
				CLANG_WARN_INT_CONVERSION = YES;
				CLANG_WARN_OBJC_ROOT_CLASS = YES_ERROR;
				CLANG_WARN_SUSPICIOUS_MOVES = YES;
				CLANG_WARN_UNREACHABLE_CODE = YES;
				CLANG_WARN__DUPLICATE_METHOD_MATCH = YES;
				"CODE_SIGN_IDENTITY[sdk=iphoneos*]" = "iPhone Developer";
				COPY_PHASE_STRIP = NO;
				CURRENT_PROJECT_VERSION = 1;
				DEBUG_INFORMATION_FORMAT = "dwarf-with-dsym";
				ENABLE_NS_ASSERTIONS = NO;
				ENABLE_STRICT_OBJC_MSGSEND = YES;
				GCC_C_LANGUAGE_STANDARD = gnu99;
				GCC_NO_COMMON_BLOCKS = YES;
				GCC_WARN_64_TO_32_BIT_CONVERSION = YES;
				GCC_WARN_ABOUT_RETURN_TYPE = YES_ERROR;
				GCC_WARN_UNDECLARED_SELECTOR = YES;
				GCC_WARN_UNINITIALIZED_AUTOS = YES_AGGRESSIVE;
				GCC_WARN_UNUSED_FUNCTION = YES;
				GCC_WARN_UNUSED_VARIABLE = YES;
				IPHONEOS_DEPLOYMENT_TARGET = 10.1;
				MTL_ENABLE_DEBUG_INFO = NO;
				SDKROOT = iphoneos;
				TARGETED_DEVICE_FAMILY = "1,2";
				VALIDATE_PRODUCT = YES;
				VERSIONING_SYSTEM = "apple-generic";
				VERSION_INFO_PREFIX = "";
			};
			name = Release;
		};
		BE62D5DF1DF8DAFD004510A5 /* Debug */ = {
			isa = XCBuildConfiguration;
			buildSettings = {
				CODE_SIGN_IDENTITY = "";
				DEFINES_MODULE = YES;
				DEVELOPMENT_TEAM = J2R863TVVR;
				DYLIB_COMPATIBILITY_VERSION = 1;
				DYLIB_CURRENT_VERSION = 1;
				DYLIB_INSTALL_NAME_BASE = "@rpath";
				GCC_PRECOMPILE_PREFIX_HEADER = YES;
				GCC_PREFIX_HEADER = "JHKit/JHKit-Prefix.pch";
				INFOPLIST_FILE = JHKit/Info.plist;
				INSTALL_PATH = "$(LOCAL_LIBRARY_DIR)/Frameworks";
				LD_RUNPATH_SEARCH_PATHS = "$(inherited) @executable_path/Frameworks @loader_path/Frameworks";
				PRODUCT_BUNDLE_IDENTIFIER = com.starfacealliance.JHKit;
				PRODUCT_NAME = "$(TARGET_NAME)";
				SKIP_INSTALL = YES;
				USER_HEADER_SEARCH_PATHS = "$(PROJECT_DIR)/Submodules/JsonModel/** $(PROJECT_DIR)/Submodules/SDWebImage/** $(PROJECT_DIR)/Submodules/MBProgressHUD/** $(PROJECT_DIR)/Submodules/IQKeyboardManager/** $(PROJECT_DIR)/Submodules/FMDB/** $(PROJECT_DIR)/Submodules/AFNetworking/**";
			};
			name = Debug;
		};
		BE62D5E01DF8DAFD004510A5 /* Release */ = {
			isa = XCBuildConfiguration;
			buildSettings = {
				CODE_SIGN_IDENTITY = "";
				DEFINES_MODULE = YES;
				DEVELOPMENT_TEAM = J2R863TVVR;
				DYLIB_COMPATIBILITY_VERSION = 1;
				DYLIB_CURRENT_VERSION = 1;
				DYLIB_INSTALL_NAME_BASE = "@rpath";
				GCC_PRECOMPILE_PREFIX_HEADER = YES;
				GCC_PREFIX_HEADER = "JHKit/JHKit-Prefix.pch";
				INFOPLIST_FILE = JHKit/Info.plist;
				INSTALL_PATH = "$(LOCAL_LIBRARY_DIR)/Frameworks";
				LD_RUNPATH_SEARCH_PATHS = "$(inherited) @executable_path/Frameworks @loader_path/Frameworks";
				PRODUCT_BUNDLE_IDENTIFIER = com.starfacealliance.JHKit;
				PRODUCT_NAME = "$(TARGET_NAME)";
				SKIP_INSTALL = YES;
				USER_HEADER_SEARCH_PATHS = "$(PROJECT_DIR)/Submodules/JsonModel/** $(PROJECT_DIR)/Submodules/SDWebImage/** $(PROJECT_DIR)/Submodules/MBProgressHUD/** $(PROJECT_DIR)/Submodules/IQKeyboardManager/** $(PROJECT_DIR)/Submodules/FMDB/** $(PROJECT_DIR)/Submodules/AFNetworking/**";
			};
			name = Release;
		};
		BE62D5E21DF8DAFD004510A5 /* Debug */ = {
			isa = XCBuildConfiguration;
			buildSettings = {
				DEVELOPMENT_TEAM = J2R863TVVR;
				INFOPLIST_FILE = JHKitTests/Info.plist;
				LD_RUNPATH_SEARCH_PATHS = "$(inherited) @executable_path/Frameworks @loader_path/Frameworks";
				PRODUCT_BUNDLE_IDENTIFIER = com.starfacealliance.JHKitTests;
				PRODUCT_NAME = "$(TARGET_NAME)";
			};
			name = Debug;
		};
		BE62D5E31DF8DAFD004510A5 /* Release */ = {
			isa = XCBuildConfiguration;
			buildSettings = {
				DEVELOPMENT_TEAM = J2R863TVVR;
				INFOPLIST_FILE = JHKitTests/Info.plist;
				LD_RUNPATH_SEARCH_PATHS = "$(inherited) @executable_path/Frameworks @loader_path/Frameworks";
				PRODUCT_BUNDLE_IDENTIFIER = com.starfacealliance.JHKitTests;
				PRODUCT_NAME = "$(TARGET_NAME)";
			};
			name = Release;
		};
/* End XCBuildConfiguration section */

/* Begin XCConfigurationList section */
		BE62D5C41DF8DAFD004510A5 /* Build configuration list for PBXProject "JHKit" */ = {
			isa = XCConfigurationList;
			buildConfigurations = (
				BE62D5DC1DF8DAFD004510A5 /* Debug */,
				BE62D5DD1DF8DAFD004510A5 /* Release */,
			);
			defaultConfigurationIsVisible = 0;
			defaultConfigurationName = Release;
		};
		BE62D5DE1DF8DAFD004510A5 /* Build configuration list for PBXNativeTarget "JHKit" */ = {
			isa = XCConfigurationList;
			buildConfigurations = (
				BE62D5DF1DF8DAFD004510A5 /* Debug */,
				BE62D5E01DF8DAFD004510A5 /* Release */,
			);
			defaultConfigurationIsVisible = 0;
			defaultConfigurationName = Release;
		};
		BE62D5E11DF8DAFD004510A5 /* Build configuration list for PBXNativeTarget "JHKitTests" */ = {
			isa = XCConfigurationList;
			buildConfigurations = (
				BE62D5E21DF8DAFD004510A5 /* Debug */,
				BE62D5E31DF8DAFD004510A5 /* Release */,
			);
			defaultConfigurationIsVisible = 0;
			defaultConfigurationName = Release;
		};
/* End XCConfigurationList section */
	};
	rootObject = BE62D5C11DF8DAFD004510A5 /* Project object */;
}
